// !$*UTF8*$!
{
	archiveVersion = 1;
	classes = {
	};
	objectVersion = 56;
	objects = {

/* Begin PBXBuildFile section */
		0233492C2993804100C1A20B /* ImageCache.swift in Sources */ = {isa = PBXBuildFile; fileRef = 023349282993804000C1A20B /* ImageCache.swift */; };
		0233492D2993804100C1A20B /* ImageLoader.swift in Sources */ = {isa = PBXBuildFile; fileRef = 023349292993804000C1A20B /* ImageLoader.swift */; };
		0233492E2993804100C1A20B /* EnvironmentValues+ImageCache.swift in Sources */ = {isa = PBXBuildFile; fileRef = 0233492A2993804000C1A20B /* EnvironmentValues+ImageCache.swift */; };
		0233492F2993804100C1A20B /* AsyncImage.swift in Sources */ = {isa = PBXBuildFile; fileRef = 0233492B2993804000C1A20B /* AsyncImage.swift */; };
		02334933299381C700C1A20B /* SpinnerViewHandler.swift in Sources */ = {isa = PBXBuildFile; fileRef = 02334931299381C700C1A20B /* SpinnerViewHandler.swift */; };
		02334934299381C700C1A20B /* SpinnerViewIndicator.swift in Sources */ = {isa = PBXBuildFile; fileRef = 02334932299381C700C1A20B /* SpinnerViewIndicator.swift */; };
		0233493729939D9200C1A20B /* DataFlowProtocol.swift in Sources */ = {isa = PBXBuildFile; fileRef = 0233493629939D9200C1A20B /* DataFlowProtocol.swift */; };
		0233493929941A8600C1A20B /* DetailView.swift in Sources */ = {isa = PBXBuildFile; fileRef = 0233493829941A8600C1A20B /* DetailView.swift */; };
		0233493B29941C8800C1A20B /* String + Extension.swift in Sources */ = {isa = PBXBuildFile; fileRef = 0233493A29941C8800C1A20B /* String + Extension.swift */; };
		02593C40298E63FC00ADDA20 /* FontNameManager.swift in Sources */ = {isa = PBXBuildFile; fileRef = 02593C3F298E63FC00ADDA20 /* FontNameManager.swift */; };
		02593C46298E8BEC00ADDA20 /* Assets.xcassets in Resources */ = {isa = PBXBuildFile; fileRef = A81742C6297E593D00023B28 /* Assets.xcassets */; };
		02593C47298E8BF100ADDA20 /* Launch Screen.storyboard in Resources */ = {isa = PBXBuildFile; fileRef = A803DFBE297E91FF00357A7F /* Launch Screen.storyboard */; };
		02593C48298E8C0900ADDA20 /* arialbold.ttf in Resources */ = {isa = PBXBuildFile; fileRef = A8104F4629814AB6008A8DDE /* arialbold.ttf */; };
		02593C4A298E8D1200ADDA20 /* MarketsPrice.swift in Sources */ = {isa = PBXBuildFile; fileRef = 02593C49298E8D1200ADDA20 /* MarketsPrice.swift */; };
		02593C4C298E90EF00ADDA20 /* MarketPriceUsecase.swift in Sources */ = {isa = PBXBuildFile; fileRef = 02593C4B298E90EF00ADDA20 /* MarketPriceUsecase.swift */; };
		02593C50298E95E800ADDA20 /* MainViewModel.swift in Sources */ = {isa = PBXBuildFile; fileRef = 02593C4F298E95E800ADDA20 /* MainViewModel.swift */; };
		02593C53298E992500ADDA20 /* MarketPriceRepository.swift in Sources */ = {isa = PBXBuildFile; fileRef = 02593C52298E992500ADDA20 /* MarketPriceRepository.swift */; };
		02593C55298ECDF300ADDA20 /* MarketPriceRemote.swift in Sources */ = {isa = PBXBuildFile; fileRef = 02593C54298ECDF300ADDA20 /* MarketPriceRemote.swift */; };
		02593C58298ED0C000ADDA20 /* BaseViewModel.swift in Sources */ = {isa = PBXBuildFile; fileRef = 02593C57298ED0C000ADDA20 /* BaseViewModel.swift */; };
		025B6E5D299565E200B42898 /* Double + Extension.swift in Sources */ = {isa = PBXBuildFile; fileRef = 025B6E5C299565E200B42898 /* Double + Extension.swift */; };
		02D9860E29960ECF0070A7E0 /* View + Extension.swift in Sources */ = {isa = PBXBuildFile; fileRef = 02D9860D29960ECF0070A7E0 /* View + Extension.swift */; };
		02D9861029963B5C0070A7E0 /* Array + Extension.swift in Sources */ = {isa = PBXBuildFile; fileRef = 02D9860F29963B5C0070A7E0 /* Array + Extension.swift */; };
		02D986122996A8880070A7E0 /* SearchMarketDataRemote.swift in Sources */ = {isa = PBXBuildFile; fileRef = 02D986112996A8880070A7E0 /* SearchMarketDataRemote.swift */; };
		02D986142996AA320070A7E0 /* SearchMarketRepository.swift in Sources */ = {isa = PBXBuildFile; fileRef = 02D986132996AA320070A7E0 /* SearchMarketRepository.swift */; };
		02D986162996AAAE0070A7E0 /* SearchMarket.swift in Sources */ = {isa = PBXBuildFile; fileRef = 02D986152996AAAE0070A7E0 /* SearchMarket.swift */; };
		02D986182996AD5E0070A7E0 /* SearchMarketUsecase.swift in Sources */ = {isa = PBXBuildFile; fileRef = 02D986172996AD5E0070A7E0 /* SearchMarketUsecase.swift */; };
		A803DFC4297E92D000357A7F /* Color.swift in Sources */ = {isa = PBXBuildFile; fileRef = A803DFC3297E92D000357A7F /* Color.swift */; };
		A803DFC9297E93B700357A7F /* FontManager.swift in Sources */ = {isa = PBXBuildFile; fileRef = A803DFC5297E93B600357A7F /* FontManager.swift */; };
		A803DFD3297E943100357A7F /* Subscriber.swift in Sources */ = {isa = PBXBuildFile; fileRef = A803DFD2297E943100357A7F /* Subscriber.swift */; };
		A803DFD7297E9F9800357A7F /* MainView.swift in Sources */ = {isa = PBXBuildFile; fileRef = A803DFD6297E9F9800357A7F /* MainView.swift */; };
		A8104F4D29814E88008A8DDE /* Assets.swift in Sources */ = {isa = PBXBuildFile; fileRef = A8104F4C29814E88008A8DDE /* Assets.swift */; };
		A8104F4F29814FDE008A8DDE /* Constants.swift in Sources */ = {isa = PBXBuildFile; fileRef = A8104F4E29814FDE008A8DDE /* Constants.swift */; };
		A81742C3297E593800023B28 /* EasyCryptoApp.swift in Sources */ = {isa = PBXBuildFile; fileRef = A81742C2297E593800023B28 /* EasyCryptoApp.swift */; };
		A81742D4297E593D00023B28 /* EasyCryptoTests.swift in Sources */ = {isa = PBXBuildFile; fileRef = A81742D3297E593D00023B28 /* EasyCryptoTests.swift */; };
		A81742DE297E593D00023B28 /* EasyCryptoUITests.swift in Sources */ = {isa = PBXBuildFile; fileRef = A81742DD297E593D00023B28 /* EasyCryptoUITests.swift */; };
		A81742E0297E593D00023B28 /* EasyCryptoUITestsLaunchTests.swift in Sources */ = {isa = PBXBuildFile; fileRef = A81742DF297E593D00023B28 /* EasyCryptoUITestsLaunchTests.swift */; };
		A82CB994298A7A5500699C22 /* Publisher + Extension.swift in Sources */ = {isa = PBXBuildFile; fileRef = A82CB993298A7A5500699C22 /* Publisher + Extension.swift */; };
		A82CB996298A7AB900699C22 /* URLRequest + Extension.swift in Sources */ = {isa = PBXBuildFile; fileRef = A82CB995298A7AB900699C22 /* URLRequest + Extension.swift */; };
		A851A20C29890B4D007F4CF9 /* NetworkClientProtocol.swift in Sources */ = {isa = PBXBuildFile; fileRef = A851A20A29890B4C007F4CF9 /* NetworkClientProtocol.swift */; };
		A851A20D29890B4D007F4CF9 /* NetworkClient.swift in Sources */ = {isa = PBXBuildFile; fileRef = A851A20B29890B4D007F4CF9 /* NetworkClient.swift */; };
		A851A21029890B75007F4CF9 /* NetworkClientManager.swift in Sources */ = {isa = PBXBuildFile; fileRef = A851A20F29890B75007F4CF9 /* NetworkClientManager.swift */; };
		A851A21429890B9F007F4CF9 /* NetworkTarget.swift in Sources */ = {isa = PBXBuildFile; fileRef = A851A21229890B9F007F4CF9 /* NetworkTarget.swift */; };
		A851A21529890B9F007F4CF9 /* NetworkTarget + Default.swift in Sources */ = {isa = PBXBuildFile; fileRef = A851A21329890B9F007F4CF9 /* NetworkTarget + Default.swift */; };
		A851A21929890BB8007F4CF9 /* RequestBuilder.swift in Sources */ = {isa = PBXBuildFile; fileRef = A851A21729890BB8007F4CF9 /* RequestBuilder.swift */; };
		A851A21A29890BB8007F4CF9 /* NetworkTarget + Extension.swift in Sources */ = {isa = PBXBuildFile; fileRef = A851A21829890BB8007F4CF9 /* NetworkTarget + Extension.swift */; };
		A851A21F29890BDC007F4CF9 /* HTTPMethod.swift in Sources */ = {isa = PBXBuildFile; fileRef = A851A21C29890BDB007F4CF9 /* HTTPMethod.swift */; };
		A851A22029890BDC007F4CF9 /* Encoding.swift in Sources */ = {isa = PBXBuildFile; fileRef = A851A21D29890BDB007F4CF9 /* Encoding.swift */; };
		A851A22129890BDC007F4CF9 /* Encoding + Dictionary.swift in Sources */ = {isa = PBXBuildFile; fileRef = A851A21E29890BDB007F4CF9 /* Encoding + Dictionary.swift */; };
		A851A22929890C0B007F4CF9 /* WorkScheduler.swift in Sources */ = {isa = PBXBuildFile; fileRef = A851A22329890C0A007F4CF9 /* WorkScheduler.swift */; };
		A851A22B29890C0B007F4CF9 /* Configuration.swift in Sources */ = {isa = PBXBuildFile; fileRef = A851A22529890C0A007F4CF9 /* Configuration.swift */; };
		A851A22C29890C0B007F4CF9 /* APIError.swift in Sources */ = {isa = PBXBuildFile; fileRef = A851A22629890C0A007F4CF9 /* APIError.swift */; };
		A851A22D29890C0B007F4CF9 /* BaseAPIDebuger.swift in Sources */ = {isa = PBXBuildFile; fileRef = A851A22729890C0B007F4CF9 /* BaseAPIDebuger.swift */; };
		A851A23329891243007F4CF9 /* URL + Extension.swift in Sources */ = {isa = PBXBuildFile; fileRef = A851A23229891243007F4CF9 /* URL + Extension.swift */; };
		A851A2362989158F007F4CF9 /* MessageHelper.swift in Sources */ = {isa = PBXBuildFile; fileRef = A851A2352989158F007F4CF9 /* MessageHelper.swift */; };
		A851A23829891867007F4CF9 /* HTTPURLResponse + Extension.swift in Sources */ = {isa = PBXBuildFile; fileRef = A851A23729891867007F4CF9 /* HTTPURLResponse + Extension.swift */; };
/* End PBXBuildFile section */

/* Begin PBXContainerItemProxy section */
		A81742D0297E593D00023B28 /* PBXContainerItemProxy */ = {
			isa = PBXContainerItemProxy;
			containerPortal = A81742B7297E593800023B28 /* Project object */;
			proxyType = 1;
			remoteGlobalIDString = A81742BE297E593800023B28;
			remoteInfo = EasyCrypto;
		};
		A81742DA297E593D00023B28 /* PBXContainerItemProxy */ = {
			isa = PBXContainerItemProxy;
			containerPortal = A81742B7297E593800023B28 /* Project object */;
			proxyType = 1;
			remoteGlobalIDString = A81742BE297E593800023B28;
			remoteInfo = EasyCrypto;
		};
/* End PBXContainerItemProxy section */

/* Begin PBXFileReference section */
		023349282993804000C1A20B /* ImageCache.swift */ = {isa = PBXFileReference; fileEncoding = 4; lastKnownFileType = sourcecode.swift; path = ImageCache.swift; sourceTree = "<group>"; };
		023349292993804000C1A20B /* ImageLoader.swift */ = {isa = PBXFileReference; fileEncoding = 4; lastKnownFileType = sourcecode.swift; path = ImageLoader.swift; sourceTree = "<group>"; };
		0233492A2993804000C1A20B /* EnvironmentValues+ImageCache.swift */ = {isa = PBXFileReference; fileEncoding = 4; lastKnownFileType = sourcecode.swift; path = "EnvironmentValues+ImageCache.swift"; sourceTree = "<group>"; };
		0233492B2993804000C1A20B /* AsyncImage.swift */ = {isa = PBXFileReference; fileEncoding = 4; lastKnownFileType = sourcecode.swift; path = AsyncImage.swift; sourceTree = "<group>"; };
		02334931299381C700C1A20B /* SpinnerViewHandler.swift */ = {isa = PBXFileReference; fileEncoding = 4; lastKnownFileType = sourcecode.swift; path = SpinnerViewHandler.swift; sourceTree = "<group>"; };
		02334932299381C700C1A20B /* SpinnerViewIndicator.swift */ = {isa = PBXFileReference; fileEncoding = 4; lastKnownFileType = sourcecode.swift; path = SpinnerViewIndicator.swift; sourceTree = "<group>"; };
		0233493629939D9200C1A20B /* DataFlowProtocol.swift */ = {isa = PBXFileReference; lastKnownFileType = sourcecode.swift; path = DataFlowProtocol.swift; sourceTree = "<group>"; };
		0233493829941A8600C1A20B /* DetailView.swift */ = {isa = PBXFileReference; lastKnownFileType = sourcecode.swift; path = DetailView.swift; sourceTree = "<group>"; };
		0233493A29941C8800C1A20B /* String + Extension.swift */ = {isa = PBXFileReference; fileEncoding = 4; lastKnownFileType = sourcecode.swift; path = "String + Extension.swift"; sourceTree = "<group>"; };
		02593C3F298E63FC00ADDA20 /* FontNameManager.swift */ = {isa = PBXFileReference; lastKnownFileType = sourcecode.swift; path = FontNameManager.swift; sourceTree = "<group>"; };
		02593C41298E8A6700ADDA20 /* Info.plist */ = {isa = PBXFileReference; fileEncoding = 4; lastKnownFileType = text.plist.xml; path = Info.plist; sourceTree = "<group>"; };
		02593C49298E8D1200ADDA20 /* MarketsPrice.swift */ = {isa = PBXFileReference; lastKnownFileType = sourcecode.swift; path = MarketsPrice.swift; sourceTree = "<group>"; };
		02593C4B298E90EF00ADDA20 /* MarketPriceUsecase.swift */ = {isa = PBXFileReference; lastKnownFileType = sourcecode.swift; path = MarketPriceUsecase.swift; sourceTree = "<group>"; };
		02593C4F298E95E800ADDA20 /* MainViewModel.swift */ = {isa = PBXFileReference; lastKnownFileType = sourcecode.swift; path = MainViewModel.swift; sourceTree = "<group>"; };
		02593C52298E992500ADDA20 /* MarketPriceRepository.swift */ = {isa = PBXFileReference; lastKnownFileType = sourcecode.swift; path = MarketPriceRepository.swift; sourceTree = "<group>"; };
		02593C54298ECDF300ADDA20 /* MarketPriceRemote.swift */ = {isa = PBXFileReference; lastKnownFileType = sourcecode.swift; path = MarketPriceRemote.swift; sourceTree = "<group>"; };
		02593C57298ED0C000ADDA20 /* BaseViewModel.swift */ = {isa = PBXFileReference; lastKnownFileType = sourcecode.swift; path = BaseViewModel.swift; sourceTree = "<group>"; };
		025B6E5C299565E200B42898 /* Double + Extension.swift */ = {isa = PBXFileReference; lastKnownFileType = sourcecode.swift; path = "Double + Extension.swift"; sourceTree = "<group>"; };
		02D9860D29960ECF0070A7E0 /* View + Extension.swift */ = {isa = PBXFileReference; fileEncoding = 4; lastKnownFileType = sourcecode.swift; path = "View + Extension.swift"; sourceTree = "<group>"; };
		02D9860F29963B5C0070A7E0 /* Array + Extension.swift */ = {isa = PBXFileReference; lastKnownFileType = sourcecode.swift; path = "Array + Extension.swift"; sourceTree = "<group>"; };
		02D986112996A8880070A7E0 /* SearchMarketDataRemote.swift */ = {isa = PBXFileReference; lastKnownFileType = sourcecode.swift; path = SearchMarketDataRemote.swift; sourceTree = "<group>"; };
		02D986132996AA320070A7E0 /* SearchMarketRepository.swift */ = {isa = PBXFileReference; lastKnownFileType = sourcecode.swift; path = SearchMarketRepository.swift; sourceTree = "<group>"; };
		02D986152996AAAE0070A7E0 /* SearchMarket.swift */ = {isa = PBXFileReference; lastKnownFileType = sourcecode.swift; path = SearchMarket.swift; sourceTree = "<group>"; };
		02D986172996AD5E0070A7E0 /* SearchMarketUsecase.swift */ = {isa = PBXFileReference; lastKnownFileType = sourcecode.swift; path = SearchMarketUsecase.swift; sourceTree = "<group>"; };
		A803DFBE297E91FF00357A7F /* Launch Screen.storyboard */ = {isa = PBXFileReference; lastKnownFileType = file.storyboard; path = "Launch Screen.storyboard"; sourceTree = "<group>"; };
		A803DFC3297E92D000357A7F /* Color.swift */ = {isa = PBXFileReference; lastKnownFileType = sourcecode.swift; path = Color.swift; sourceTree = "<group>"; };
		A803DFC5297E93B600357A7F /* FontManager.swift */ = {isa = PBXFileReference; fileEncoding = 4; lastKnownFileType = sourcecode.swift; path = FontManager.swift; sourceTree = "<group>"; };
		A803DFD2297E943100357A7F /* Subscriber.swift */ = {isa = PBXFileReference; fileEncoding = 4; lastKnownFileType = sourcecode.swift; path = Subscriber.swift; sourceTree = "<group>"; };
		A803DFD6297E9F9800357A7F /* MainView.swift */ = {isa = PBXFileReference; lastKnownFileType = sourcecode.swift; path = MainView.swift; sourceTree = "<group>"; };
		A8104F4629814AB6008A8DDE /* arialbold.ttf */ = {isa = PBXFileReference; lastKnownFileType = file; path = arialbold.ttf; sourceTree = "<group>"; };
		A8104F4C29814E88008A8DDE /* Assets.swift */ = {isa = PBXFileReference; lastKnownFileType = sourcecode.swift; path = Assets.swift; sourceTree = "<group>"; };
		A8104F4E29814FDE008A8DDE /* Constants.swift */ = {isa = PBXFileReference; lastKnownFileType = sourcecode.swift; path = Constants.swift; sourceTree = "<group>"; };
		A81742BF297E593800023B28 /* EasyCrypto.app */ = {isa = PBXFileReference; explicitFileType = wrapper.application; includeInIndex = 0; path = EasyCrypto.app; sourceTree = BUILT_PRODUCTS_DIR; };
		A81742C2297E593800023B28 /* EasyCryptoApp.swift */ = {isa = PBXFileReference; lastKnownFileType = sourcecode.swift; path = EasyCryptoApp.swift; sourceTree = "<group>"; };
		A81742C6297E593D00023B28 /* Assets.xcassets */ = {isa = PBXFileReference; lastKnownFileType = folder.assetcatalog; path = Assets.xcassets; sourceTree = "<group>"; };
		A81742C9297E593D00023B28 /* Preview Assets.xcassets */ = {isa = PBXFileReference; lastKnownFileType = folder.assetcatalog; path = "Preview Assets.xcassets"; sourceTree = "<group>"; };
		A81742CF297E593D00023B28 /* EasyCryptoTests.xctest */ = {isa = PBXFileReference; explicitFileType = wrapper.cfbundle; includeInIndex = 0; path = EasyCryptoTests.xctest; sourceTree = BUILT_PRODUCTS_DIR; };
		A81742D3297E593D00023B28 /* EasyCryptoTests.swift */ = {isa = PBXFileReference; lastKnownFileType = sourcecode.swift; path = EasyCryptoTests.swift; sourceTree = "<group>"; };
		A81742D9297E593D00023B28 /* EasyCryptoUITests.xctest */ = {isa = PBXFileReference; explicitFileType = wrapper.cfbundle; includeInIndex = 0; path = EasyCryptoUITests.xctest; sourceTree = BUILT_PRODUCTS_DIR; };
		A81742DD297E593D00023B28 /* EasyCryptoUITests.swift */ = {isa = PBXFileReference; lastKnownFileType = sourcecode.swift; path = EasyCryptoUITests.swift; sourceTree = "<group>"; };
		A81742DF297E593D00023B28 /* EasyCryptoUITestsLaunchTests.swift */ = {isa = PBXFileReference; lastKnownFileType = sourcecode.swift; path = EasyCryptoUITestsLaunchTests.swift; sourceTree = "<group>"; };
		A82CB993298A7A5500699C22 /* Publisher + Extension.swift */ = {isa = PBXFileReference; lastKnownFileType = sourcecode.swift; path = "Publisher + Extension.swift"; sourceTree = "<group>"; };
		A82CB995298A7AB900699C22 /* URLRequest + Extension.swift */ = {isa = PBXFileReference; lastKnownFileType = sourcecode.swift; path = "URLRequest + Extension.swift"; sourceTree = "<group>"; };
		A851A20A29890B4C007F4CF9 /* NetworkClientProtocol.swift */ = {isa = PBXFileReference; fileEncoding = 4; lastKnownFileType = sourcecode.swift; path = NetworkClientProtocol.swift; sourceTree = "<group>"; };
		A851A20B29890B4D007F4CF9 /* NetworkClient.swift */ = {isa = PBXFileReference; fileEncoding = 4; lastKnownFileType = sourcecode.swift; path = NetworkClient.swift; sourceTree = "<group>"; };
		A851A20F29890B75007F4CF9 /* NetworkClientManager.swift */ = {isa = PBXFileReference; fileEncoding = 4; lastKnownFileType = sourcecode.swift; path = NetworkClientManager.swift; sourceTree = "<group>"; };
		A851A21229890B9F007F4CF9 /* NetworkTarget.swift */ = {isa = PBXFileReference; fileEncoding = 4; lastKnownFileType = sourcecode.swift; path = NetworkTarget.swift; sourceTree = "<group>"; };
		A851A21329890B9F007F4CF9 /* NetworkTarget + Default.swift */ = {isa = PBXFileReference; fileEncoding = 4; lastKnownFileType = sourcecode.swift; path = "NetworkTarget + Default.swift"; sourceTree = "<group>"; };
		A851A21729890BB8007F4CF9 /* RequestBuilder.swift */ = {isa = PBXFileReference; fileEncoding = 4; lastKnownFileType = sourcecode.swift; path = RequestBuilder.swift; sourceTree = "<group>"; };
		A851A21829890BB8007F4CF9 /* NetworkTarget + Extension.swift */ = {isa = PBXFileReference; fileEncoding = 4; lastKnownFileType = sourcecode.swift; path = "NetworkTarget + Extension.swift"; sourceTree = "<group>"; };
		A851A21C29890BDB007F4CF9 /* HTTPMethod.swift */ = {isa = PBXFileReference; fileEncoding = 4; lastKnownFileType = sourcecode.swift; path = HTTPMethod.swift; sourceTree = "<group>"; };
		A851A21D29890BDB007F4CF9 /* Encoding.swift */ = {isa = PBXFileReference; fileEncoding = 4; lastKnownFileType = sourcecode.swift; path = Encoding.swift; sourceTree = "<group>"; };
		A851A21E29890BDB007F4CF9 /* Encoding + Dictionary.swift */ = {isa = PBXFileReference; fileEncoding = 4; lastKnownFileType = sourcecode.swift; path = "Encoding + Dictionary.swift"; sourceTree = "<group>"; };
		A851A22329890C0A007F4CF9 /* WorkScheduler.swift */ = {isa = PBXFileReference; fileEncoding = 4; lastKnownFileType = sourcecode.swift; path = WorkScheduler.swift; sourceTree = "<group>"; };
		A851A22529890C0A007F4CF9 /* Configuration.swift */ = {isa = PBXFileReference; fileEncoding = 4; lastKnownFileType = sourcecode.swift; path = Configuration.swift; sourceTree = "<group>"; };
		A851A22629890C0A007F4CF9 /* APIError.swift */ = {isa = PBXFileReference; fileEncoding = 4; lastKnownFileType = sourcecode.swift; path = APIError.swift; sourceTree = "<group>"; };
		A851A22729890C0B007F4CF9 /* BaseAPIDebuger.swift */ = {isa = PBXFileReference; fileEncoding = 4; lastKnownFileType = sourcecode.swift; path = BaseAPIDebuger.swift; sourceTree = "<group>"; };
		A851A23229891243007F4CF9 /* URL + Extension.swift */ = {isa = PBXFileReference; lastKnownFileType = sourcecode.swift; path = "URL + Extension.swift"; sourceTree = "<group>"; };
		A851A2352989158F007F4CF9 /* MessageHelper.swift */ = {isa = PBXFileReference; lastKnownFileType = sourcecode.swift; path = MessageHelper.swift; sourceTree = "<group>"; };
		A851A23729891867007F4CF9 /* HTTPURLResponse + Extension.swift */ = {isa = PBXFileReference; lastKnownFileType = sourcecode.swift; path = "HTTPURLResponse + Extension.swift"; sourceTree = "<group>"; };
/* End PBXFileReference section */

/* Begin PBXFrameworksBuildPhase section */
		A81742BC297E593800023B28 /* Frameworks */ = {
			isa = PBXFrameworksBuildPhase;
			buildActionMask = 2147483647;
			files = (
			);
			runOnlyForDeploymentPostprocessing = 0;
		};
		A81742CC297E593D00023B28 /* Frameworks */ = {
			isa = PBXFrameworksBuildPhase;
			buildActionMask = 2147483647;
			files = (
			);
			runOnlyForDeploymentPostprocessing = 0;
		};
		A81742D6297E593D00023B28 /* Frameworks */ = {
			isa = PBXFrameworksBuildPhase;
			buildActionMask = 2147483647;
			files = (
			);
			runOnlyForDeploymentPostprocessing = 0;
		};
/* End PBXFrameworksBuildPhase section */

/* Begin PBXGroup section */
		0233492629937BCB00C1A20B /* Remote */ = {
			isa = PBXGroup;
			children = (
				02593C54298ECDF300ADDA20 /* MarketPriceRemote.swift */,
				02D986112996A8880070A7E0 /* SearchMarketDataRemote.swift */,
			);
			path = Remote;
			sourceTree = "<group>";
		};
		023349272993803900C1A20B /* AsyncImage */ = {
			isa = PBXGroup;
			children = (
				0233492B2993804000C1A20B /* AsyncImage.swift */,
				0233492A2993804000C1A20B /* EnvironmentValues+ImageCache.swift */,
				023349282993804000C1A20B /* ImageCache.swift */,
				023349292993804000C1A20B /* ImageLoader.swift */,
			);
			path = AsyncImage;
			sourceTree = "<group>";
		};
		02334930299381B100C1A20B /* ActivityIndicator */ = {
			isa = PBXGroup;
			children = (
				02334931299381C700C1A20B /* SpinnerViewHandler.swift */,
				02334932299381C700C1A20B /* SpinnerViewIndicator.swift */,
			);
			path = ActivityIndicator;
			sourceTree = "<group>";
		};
		0233493529939D7100C1A20B /* DataFlow */ = {
			isa = PBXGroup;
			children = (
				0233493629939D9200C1A20B /* DataFlowProtocol.swift */,
			);
			path = DataFlow;
			sourceTree = "<group>";
		};
		02593C4D298E95D100ADDA20 /* View */ = {
			isa = PBXGroup;
			children = (
				A803DFD6297E9F9800357A7F /* MainView.swift */,
			);
			path = View;
			sourceTree = "<group>";
		};
		02593C4E298E95D900ADDA20 /* ViewModel */ = {
			isa = PBXGroup;
			children = (
				02593C4F298E95E800ADDA20 /* MainViewModel.swift */,
			);
			path = ViewModel;
			sourceTree = "<group>";
		};
		02593C51298E991300ADDA20 /* Repository */ = {
			isa = PBXGroup;
			children = (
				02593C52298E992500ADDA20 /* MarketPriceRepository.swift */,
				02D986132996AA320070A7E0 /* SearchMarketRepository.swift */,
			);
			path = Repository;
			sourceTree = "<group>";
		};
		02593C56298ED0A900ADDA20 /* Base */ = {
			isa = PBXGroup;
			children = (
				02593C57298ED0C000ADDA20 /* BaseViewModel.swift */,
			);
			path = Base;
			sourceTree = "<group>";
		};
		02593C59298EE12500ADDA20 /* App */ = {
			isa = PBXGroup;
			children = (
				A81742C2297E593800023B28 /* EasyCryptoApp.swift */,
			);
			path = App;
			sourceTree = "<group>";
		};
		A803DFB7297E918900357A7F /* Theme */ = {
			isa = PBXGroup;
			children = (
				A803DFC2297E92B800357A7F /* Assets */,
				A803DFC1297E92AD00357A7F /* Color */,
				A803DFC0297E92A600357A7F /* Fonts */,
			);
			path = Theme;
			sourceTree = "<group>";
		};
		A803DFB8297E919C00357A7F /* DI */ = {
			isa = PBXGroup;
			children = (
			);
			path = DI;
			sourceTree = "<group>";
		};
		A803DFB9297E91AF00357A7F /* Components */ = {
			isa = PBXGroup;
			children = (
				02334930299381B100C1A20B /* ActivityIndicator */,
			);
			path = Components;
			sourceTree = "<group>";
		};
		A803DFBA297E91BF00357A7F /* Core */ = {
			isa = PBXGroup;
			children = (
				0233493529939D7100C1A20B /* DataFlow */,
				023349272993803900C1A20B /* AsyncImage */,
				02593C56298ED0A900ADDA20 /* Base */,
				A82CB997298A867500699C22 /* Constants */,
				A851A20829890AFC007F4CF9 /* Networking */,
			);
			path = Core;
			sourceTree = "<group>";
		};
		A803DFBB297E91C600357A7F /* Data */ = {
			isa = PBXGroup;
			children = (
				0233492629937BCB00C1A20B /* Remote */,
				02593C51298E991300ADDA20 /* Repository */,
			);
			path = Data;
			sourceTree = "<group>";
		};
		A803DFBC297E91CF00357A7F /* Domain */ = {
			isa = PBXGroup;
			children = (
				A82CB999298A883900699C22 /* Entity */,
				A82CB998298A882F00699C22 /* Usecase */,
			);
			path = Domain;
			sourceTree = "<group>";
		};
		A803DFBD297E91E000357A7F /* Presentation */ = {
			isa = PBXGroup;
			children = (
				A803DFD4297E9F8100357A7F /* Main */,
				A803DFD5297E9F8600357A7F /* Detail */,
			);
			path = Presentation;
			sourceTree = "<group>";
		};
		A803DFC0297E92A600357A7F /* Fonts */ = {
			isa = PBXGroup;
			children = (
				A8104F4529814AA5008A8DDE /* Files */,
				A803DFC5297E93B600357A7F /* FontManager.swift */,
				02593C3F298E63FC00ADDA20 /* FontNameManager.swift */,
			);
			path = Fonts;
			sourceTree = "<group>";
		};
		A803DFC1297E92AD00357A7F /* Color */ = {
			isa = PBXGroup;
			children = (
				A803DFC3297E92D000357A7F /* Color.swift */,
			);
			path = Color;
			sourceTree = "<group>";
		};
		A803DFC2297E92B800357A7F /* Assets */ = {
			isa = PBXGroup;
			children = (
				A8104F4C29814E88008A8DDE /* Assets.swift */,
			);
			path = Assets;
			sourceTree = "<group>";
		};
		A803DFCD297E93F600357A7F /* Support */ = {
			isa = PBXGroup;
			children = (
				A851A2342989155F007F4CF9 /* MessageHelper */,
				A851A22F29891214007F4CF9 /* Extension */,
				A803DFD1297E942600357A7F /* Subscriber */,
			);
			path = Support;
			sourceTree = "<group>";
		};
		A803DFD1297E942600357A7F /* Subscriber */ = {
			isa = PBXGroup;
			children = (
				A803DFD2297E943100357A7F /* Subscriber.swift */,
			);
			path = Subscriber;
			sourceTree = "<group>";
		};
		A803DFD4297E9F8100357A7F /* Main */ = {
			isa = PBXGroup;
			children = (
				02593C4D298E95D100ADDA20 /* View */,
				02593C4E298E95D900ADDA20 /* ViewModel */,
			);
			path = Main;
			sourceTree = "<group>";
		};
		A803DFD5297E9F8600357A7F /* Detail */ = {
			isa = PBXGroup;
			children = (
				0233493829941A8600C1A20B /* DetailView.swift */,
			);
			path = Detail;
			sourceTree = "<group>";
		};
		A8104F4529814AA5008A8DDE /* Files */ = {
			isa = PBXGroup;
			children = (
				A8104F4629814AB6008A8DDE /* arialbold.ttf */,
			);
			path = Files;
			sourceTree = "<group>";
		};
		A81742B6297E593800023B28 = {
			isa = PBXGroup;
			children = (
				A81742C1297E593800023B28 /* EasyCrypto */,
				A81742D2297E593D00023B28 /* EasyCryptoTests */,
				A81742DC297E593D00023B28 /* EasyCryptoUITests */,
				A81742C0297E593800023B28 /* Products */,
			);
			sourceTree = "<group>";
		};
		A81742C0297E593800023B28 /* Products */ = {
			isa = PBXGroup;
			children = (
				A81742BF297E593800023B28 /* EasyCrypto.app */,
				A81742CF297E593D00023B28 /* EasyCryptoTests.xctest */,
				A81742D9297E593D00023B28 /* EasyCryptoUITests.xctest */,
			);
			name = Products;
			sourceTree = "<group>";
		};
		A81742C1297E593800023B28 /* EasyCrypto */ = {
			isa = PBXGroup;
			children = (
				02593C41298E8A6700ADDA20 /* Info.plist */,
				02593C59298EE12500ADDA20 /* App */,
				A803DFB7297E918900357A7F /* Theme */,
				A803DFCD297E93F600357A7F /* Support */,
				A803DFB9297E91AF00357A7F /* Components */,
				A803DFB8297E919C00357A7F /* DI */,
				A803DFBA297E91BF00357A7F /* Core */,
				A803DFBB297E91C600357A7F /* Data */,
				A803DFBC297E91CF00357A7F /* Domain */,
				A803DFBD297E91E000357A7F /* Presentation */,
				A803DFBE297E91FF00357A7F /* Launch Screen.storyboard */,
				A81742C6297E593D00023B28 /* Assets.xcassets */,
				A81742C8297E593D00023B28 /* Preview Content */,
			);
			path = EasyCrypto;
			sourceTree = "<group>";
		};
		A81742C8297E593D00023B28 /* Preview Content */ = {
			isa = PBXGroup;
			children = (
				A81742C9297E593D00023B28 /* Preview Assets.xcassets */,
			);
			path = "Preview Content";
			sourceTree = "<group>";
		};
		A81742D2297E593D00023B28 /* EasyCryptoTests */ = {
			isa = PBXGroup;
			children = (
				A81742D3297E593D00023B28 /* EasyCryptoTests.swift */,
			);
			path = EasyCryptoTests;
			sourceTree = "<group>";
		};
		A81742DC297E593D00023B28 /* EasyCryptoUITests */ = {
			isa = PBXGroup;
			children = (
				A81742DD297E593D00023B28 /* EasyCryptoUITests.swift */,
				A81742DF297E593D00023B28 /* EasyCryptoUITestsLaunchTests.swift */,
			);
			path = EasyCryptoUITests;
			sourceTree = "<group>";
		};
		A82CB997298A867500699C22 /* Constants */ = {
			isa = PBXGroup;
			children = (
				A8104F4E29814FDE008A8DDE /* Constants.swift */,
			);
			path = Constants;
			sourceTree = "<group>";
		};
		A82CB998298A882F00699C22 /* Usecase */ = {
			isa = PBXGroup;
			children = (
				02593C4B298E90EF00ADDA20 /* MarketPriceUsecase.swift */,
				02D986172996AD5E0070A7E0 /* SearchMarketUsecase.swift */,
			);
			path = Usecase;
			sourceTree = "<group>";
		};
		A82CB999298A883900699C22 /* Entity */ = {
			isa = PBXGroup;
			children = (
				02593C49298E8D1200ADDA20 /* MarketsPrice.swift */,
				02D986152996AAAE0070A7E0 /* SearchMarket.swift */,
			);
			path = Entity;
			sourceTree = "<group>";
		};
		A851A20829890AFC007F4CF9 /* Networking */ = {
			isa = PBXGroup;
			children = (
				A851A20929890B3E007F4CF9 /* Client */,
				A851A20E29890B65007F4CF9 /* ClientManager */,
				A851A21129890B92007F4CF9 /* Request */,
				A851A21629890BAC007F4CF9 /* RequestBuilder */,
				A851A21B29890BCC007F4CF9 /* Type */,
				A851A22229890BE8007F4CF9 /* Utility */,
			);
			path = Networking;
			sourceTree = "<group>";
		};
		A851A20929890B3E007F4CF9 /* Client */ = {
			isa = PBXGroup;
			children = (
				A851A20A29890B4C007F4CF9 /* NetworkClientProtocol.swift */,
				A851A20B29890B4D007F4CF9 /* NetworkClient.swift */,
			);
			path = Client;
			sourceTree = "<group>";
		};
		A851A20E29890B65007F4CF9 /* ClientManager */ = {
			isa = PBXGroup;
			children = (
				A851A20F29890B75007F4CF9 /* NetworkClientManager.swift */,
			);
			path = ClientManager;
			sourceTree = "<group>";
		};
		A851A21129890B92007F4CF9 /* Request */ = {
			isa = PBXGroup;
			children = (
				A851A21329890B9F007F4CF9 /* NetworkTarget + Default.swift */,
				A851A21229890B9F007F4CF9 /* NetworkTarget.swift */,
			);
			path = Request;
			sourceTree = "<group>";
		};
		A851A21629890BAC007F4CF9 /* RequestBuilder */ = {
			isa = PBXGroup;
			children = (
				A851A21729890BB8007F4CF9 /* RequestBuilder.swift */,
				A851A21829890BB8007F4CF9 /* NetworkTarget + Extension.swift */,
			);
			path = RequestBuilder;
			sourceTree = "<group>";
		};
		A851A21B29890BCC007F4CF9 /* Type */ = {
			isa = PBXGroup;
			children = (
				A851A21E29890BDB007F4CF9 /* Encoding + Dictionary.swift */,
				A851A21D29890BDB007F4CF9 /* Encoding.swift */,
				A851A21C29890BDB007F4CF9 /* HTTPMethod.swift */,
			);
			path = Type;
			sourceTree = "<group>";
		};
		A851A22229890BE8007F4CF9 /* Utility */ = {
			isa = PBXGroup;
			children = (
				A851A22629890C0A007F4CF9 /* APIError.swift */,
				A851A22729890C0B007F4CF9 /* BaseAPIDebuger.swift */,
				A851A22529890C0A007F4CF9 /* Configuration.swift */,
				A851A22329890C0A007F4CF9 /* WorkScheduler.swift */,
			);
			path = Utility;
			sourceTree = "<group>";
		};
		A851A22F29891214007F4CF9 /* Extension */ = {
			isa = PBXGroup;
			children = (
				02D9860D29960ECF0070A7E0 /* View + Extension.swift */,
				02D9860F29963B5C0070A7E0 /* Array + Extension.swift */,
				0233493A29941C8800C1A20B /* String + Extension.swift */,
				A851A23229891243007F4CF9 /* URL + Extension.swift */,
				A851A23729891867007F4CF9 /* HTTPURLResponse + Extension.swift */,
				A82CB993298A7A5500699C22 /* Publisher + Extension.swift */,
				A82CB995298A7AB900699C22 /* URLRequest + Extension.swift */,
				025B6E5C299565E200B42898 /* Double + Extension.swift */,
			);
			path = Extension;
			sourceTree = "<group>";
		};
		A851A2342989155F007F4CF9 /* MessageHelper */ = {
			isa = PBXGroup;
			children = (
				A851A2352989158F007F4CF9 /* MessageHelper.swift */,
			);
			path = MessageHelper;
			sourceTree = "<group>";
		};
/* End PBXGroup section */

/* Begin PBXNativeTarget section */
		A81742BE297E593800023B28 /* EasyCrypto */ = {
			isa = PBXNativeTarget;
			buildConfigurationList = A81742E3297E593D00023B28 /* Build configuration list for PBXNativeTarget "EasyCrypto" */;
			buildPhases = (
				A81742BB297E593800023B28 /* Sources */,
				A81742BC297E593800023B28 /* Frameworks */,
				02593C44298E8BDF00ADDA20 /* Resources */,
			);
			buildRules = (
			);
			dependencies = (
			);
			name = EasyCrypto;
			productName = EasyCrypto;
			productReference = A81742BF297E593800023B28 /* EasyCrypto.app */;
			productType = "com.apple.product-type.application";
		};
		A81742CE297E593D00023B28 /* EasyCryptoTests */ = {
			isa = PBXNativeTarget;
			buildConfigurationList = A81742E6297E593D00023B28 /* Build configuration list for PBXNativeTarget "EasyCryptoTests" */;
			buildPhases = (
				A81742CB297E593D00023B28 /* Sources */,
				A81742CC297E593D00023B28 /* Frameworks */,
				A81742CD297E593D00023B28 /* Resources */,
			);
			buildRules = (
			);
			dependencies = (
				A81742D1297E593D00023B28 /* PBXTargetDependency */,
			);
			name = EasyCryptoTests;
			productName = EasyCryptoTests;
			productReference = A81742CF297E593D00023B28 /* EasyCryptoTests.xctest */;
			productType = "com.apple.product-type.bundle.unit-test";
		};
		A81742D8297E593D00023B28 /* EasyCryptoUITests */ = {
			isa = PBXNativeTarget;
			buildConfigurationList = A81742E9297E593D00023B28 /* Build configuration list for PBXNativeTarget "EasyCryptoUITests" */;
			buildPhases = (
				A81742D5297E593D00023B28 /* Sources */,
				A81742D6297E593D00023B28 /* Frameworks */,
				A81742D7297E593D00023B28 /* Resources */,
			);
			buildRules = (
			);
			dependencies = (
				A81742DB297E593D00023B28 /* PBXTargetDependency */,
			);
			name = EasyCryptoUITests;
			productName = EasyCryptoUITests;
			productReference = A81742D9297E593D00023B28 /* EasyCryptoUITests.xctest */;
			productType = "com.apple.product-type.bundle.ui-testing";
		};
/* End PBXNativeTarget section */

/* Begin PBXProject section */
		A81742B7297E593800023B28 /* Project object */ = {
			isa = PBXProject;
			attributes = {
				BuildIndependentTargetsInParallel = 1;
				LastSwiftUpdateCheck = 1410;
				LastUpgradeCheck = 1410;
				TargetAttributes = {
					A81742BE297E593800023B28 = {
						CreatedOnToolsVersion = 14.1;
					};
					A81742CE297E593D00023B28 = {
						CreatedOnToolsVersion = 14.1;
						TestTargetID = A81742BE297E593800023B28;
					};
					A81742D8297E593D00023B28 = {
						CreatedOnToolsVersion = 14.1;
						TestTargetID = A81742BE297E593800023B28;
					};
				};
			};
			buildConfigurationList = A81742BA297E593800023B28 /* Build configuration list for PBXProject "EasyCrypto" */;
			compatibilityVersion = "Xcode 14.0";
			developmentRegion = en;
			hasScannedForEncodings = 0;
			knownRegions = (
				en,
				Base,
			);
			mainGroup = A81742B6297E593800023B28;
			productRefGroup = A81742C0297E593800023B28 /* Products */;
			projectDirPath = "";
			projectRoot = "";
			targets = (
				A81742BE297E593800023B28 /* EasyCrypto */,
				A81742CE297E593D00023B28 /* EasyCryptoTests */,
				A81742D8297E593D00023B28 /* EasyCryptoUITests */,
			);
		};
/* End PBXProject section */

/* Begin PBXResourcesBuildPhase section */
		02593C44298E8BDF00ADDA20 /* Resources */ = {
			isa = PBXResourcesBuildPhase;
			buildActionMask = 2147483647;
			files = (
				02593C48298E8C0900ADDA20 /* arialbold.ttf in Resources */,
				02593C47298E8BF100ADDA20 /* Launch Screen.storyboard in Resources */,
				02593C46298E8BEC00ADDA20 /* Assets.xcassets in Resources */,
			);
			runOnlyForDeploymentPostprocessing = 0;
		};
		A81742CD297E593D00023B28 /* Resources */ = {
			isa = PBXResourcesBuildPhase;
			buildActionMask = 2147483647;
			files = (
			);
			runOnlyForDeploymentPostprocessing = 0;
		};
		A81742D7297E593D00023B28 /* Resources */ = {
			isa = PBXResourcesBuildPhase;
			buildActionMask = 2147483647;
			files = (
			);
			runOnlyForDeploymentPostprocessing = 0;
		};
/* End PBXResourcesBuildPhase section */

/* Begin PBXSourcesBuildPhase section */
		A81742BB297E593800023B28 /* Sources */ = {
			isa = PBXSourcesBuildPhase;
			buildActionMask = 2147483647;
			files = (
				A82CB994298A7A5500699C22 /* Publisher + Extension.swift in Sources */,
				A851A22129890BDC007F4CF9 /* Encoding + Dictionary.swift in Sources */,
				0233493B29941C8800C1A20B /* String + Extension.swift in Sources */,
				0233492C2993804100C1A20B /* ImageCache.swift in Sources */,
				02D9860E29960ECF0070A7E0 /* View + Extension.swift in Sources */,
				A851A21F29890BDC007F4CF9 /* HTTPMethod.swift in Sources */,
				0233492E2993804100C1A20B /* EnvironmentValues+ImageCache.swift in Sources */,
				02D986162996AAAE0070A7E0 /* SearchMarket.swift in Sources */,
				0233492F2993804100C1A20B /* AsyncImage.swift in Sources */,
				A8104F4D29814E88008A8DDE /* Assets.swift in Sources */,
				02334933299381C700C1A20B /* SpinnerViewHandler.swift in Sources */,
				0233493929941A8600C1A20B /* DetailView.swift in Sources */,
				A81742C3297E593800023B28 /* EasyCryptoApp.swift in Sources */,
				02593C50298E95E800ADDA20 /* MainViewModel.swift in Sources */,
				025B6E5D299565E200B42898 /* Double + Extension.swift in Sources */,
				0233492D2993804100C1A20B /* ImageLoader.swift in Sources */,
				02D9861029963B5C0070A7E0 /* Array + Extension.swift in Sources */,
				02593C58298ED0C000ADDA20 /* BaseViewModel.swift in Sources */,
				A803DFD7297E9F9800357A7F /* MainView.swift in Sources */,
				A851A22B29890C0B007F4CF9 /* Configuration.swift in Sources */,
				02593C53298E992500ADDA20 /* MarketPriceRepository.swift in Sources */,
				A851A21029890B75007F4CF9 /* NetworkClientManager.swift in Sources */,
				A851A20C29890B4D007F4CF9 /* NetworkClientProtocol.swift in Sources */,
				02593C40298E63FC00ADDA20 /* FontNameManager.swift in Sources */,
				A803DFC9297E93B700357A7F /* FontManager.swift in Sources */,
				A851A21529890B9F007F4CF9 /* NetworkTarget + Default.swift in Sources */,
				02D986142996AA320070A7E0 /* SearchMarketRepository.swift in Sources */,
				A851A21429890B9F007F4CF9 /* NetworkTarget.swift in Sources */,
				A851A20D29890B4D007F4CF9 /* NetworkClient.swift in Sources */,
				A803DFD3297E943100357A7F /* Subscriber.swift in Sources */,
				02593C4C298E90EF00ADDA20 /* MarketPriceUsecase.swift in Sources */,
				A851A21A29890BB8007F4CF9 /* NetworkTarget + Extension.swift in Sources */,
				A82CB996298A7AB900699C22 /* URLRequest + Extension.swift in Sources */,
				A851A22D29890C0B007F4CF9 /* BaseAPIDebuger.swift in Sources */,
				A851A2362989158F007F4CF9 /* MessageHelper.swift in Sources */,
				A851A22029890BDC007F4CF9 /* Encoding.swift in Sources */,
				A851A22929890C0B007F4CF9 /* WorkScheduler.swift in Sources */,
				A851A23829891867007F4CF9 /* HTTPURLResponse + Extension.swift in Sources */,
				A803DFC4297E92D000357A7F /* Color.swift in Sources */,
				02D986182996AD5E0070A7E0 /* SearchMarketUsecase.swift in Sources */,
				02D986122996A8880070A7E0 /* SearchMarketDataRemote.swift in Sources */,
				02593C4A298E8D1200ADDA20 /* MarketsPrice.swift in Sources */,
				02593C55298ECDF300ADDA20 /* MarketPriceRemote.swift in Sources */,
				A8104F4F29814FDE008A8DDE /* Constants.swift in Sources */,
				A851A23329891243007F4CF9 /* URL + Extension.swift in Sources */,
				A851A22C29890C0B007F4CF9 /* APIError.swift in Sources */,
				0233493729939D9200C1A20B /* DataFlowProtocol.swift in Sources */,
				A851A21929890BB8007F4CF9 /* RequestBuilder.swift in Sources */,
				02334934299381C700C1A20B /* SpinnerViewIndicator.swift in Sources */,
			);
			runOnlyForDeploymentPostprocessing = 0;
		};
		A81742CB297E593D00023B28 /* Sources */ = {
			isa = PBXSourcesBuildPhase;
			buildActionMask = 2147483647;
			files = (
				A81742D4297E593D00023B28 /* EasyCryptoTests.swift in Sources */,
			);
			runOnlyForDeploymentPostprocessing = 0;
		};
		A81742D5297E593D00023B28 /* Sources */ = {
			isa = PBXSourcesBuildPhase;
			buildActionMask = 2147483647;
			files = (
				A81742DE297E593D00023B28 /* EasyCryptoUITests.swift in Sources */,
				A81742E0297E593D00023B28 /* EasyCryptoUITestsLaunchTests.swift in Sources */,
			);
			runOnlyForDeploymentPostprocessing = 0;
		};
/* End PBXSourcesBuildPhase section */

/* Begin PBXTargetDependency section */
		A81742D1297E593D00023B28 /* PBXTargetDependency */ = {
			isa = PBXTargetDependency;
			target = A81742BE297E593800023B28 /* EasyCrypto */;
			targetProxy = A81742D0297E593D00023B28 /* PBXContainerItemProxy */;
		};
		A81742DB297E593D00023B28 /* PBXTargetDependency */ = {
			isa = PBXTargetDependency;
			target = A81742BE297E593800023B28 /* EasyCrypto */;
			targetProxy = A81742DA297E593D00023B28 /* PBXContainerItemProxy */;
		};
/* End PBXTargetDependency section */

/* Begin XCBuildConfiguration section */
		A81742E1297E593D00023B28 /* Debug */ = {
			isa = XCBuildConfiguration;
			buildSettings = {
				ALWAYS_SEARCH_USER_PATHS = NO;
				CLANG_ANALYZER_NONNULL = YES;
				CLANG_ANALYZER_NUMBER_OBJECT_CONVERSION = YES_AGGRESSIVE;
				CLANG_CXX_LANGUAGE_STANDARD = "gnu++20";
				CLANG_ENABLE_MODULES = YES;
				CLANG_ENABLE_OBJC_ARC = YES;
				CLANG_ENABLE_OBJC_WEAK = YES;
				CLANG_WARN_BLOCK_CAPTURE_AUTORELEASING = YES;
				CLANG_WARN_BOOL_CONVERSION = YES;
				CLANG_WARN_COMMA = YES;
				CLANG_WARN_CONSTANT_CONVERSION = YES;
				CLANG_WARN_DEPRECATED_OBJC_IMPLEMENTATIONS = YES;
				CLANG_WARN_DIRECT_OBJC_ISA_USAGE = YES_ERROR;
				CLANG_WARN_DOCUMENTATION_COMMENTS = YES;
				CLANG_WARN_EMPTY_BODY = YES;
				CLANG_WARN_ENUM_CONVERSION = YES;
				CLANG_WARN_INFINITE_RECURSION = YES;
				CLANG_WARN_INT_CONVERSION = YES;
				CLANG_WARN_NON_LITERAL_NULL_CONVERSION = YES;
				CLANG_WARN_OBJC_IMPLICIT_RETAIN_SELF = YES;
				CLANG_WARN_OBJC_LITERAL_CONVERSION = YES;
				CLANG_WARN_OBJC_ROOT_CLASS = YES_ERROR;
				CLANG_WARN_QUOTED_INCLUDE_IN_FRAMEWORK_HEADER = YES;
				CLANG_WARN_RANGE_LOOP_ANALYSIS = YES;
				CLANG_WARN_STRICT_PROTOTYPES = YES;
				CLANG_WARN_SUSPICIOUS_MOVE = YES;
				CLANG_WARN_UNGUARDED_AVAILABILITY = YES_AGGRESSIVE;
				CLANG_WARN_UNREACHABLE_CODE = YES;
				CLANG_WARN__DUPLICATE_METHOD_MATCH = YES;
				COPY_PHASE_STRIP = NO;
				DEBUG_INFORMATION_FORMAT = dwarf;
				ENABLE_STRICT_OBJC_MSGSEND = YES;
				ENABLE_TESTABILITY = YES;
				GCC_C_LANGUAGE_STANDARD = gnu11;
				GCC_DYNAMIC_NO_PIC = NO;
				GCC_NO_COMMON_BLOCKS = YES;
				GCC_OPTIMIZATION_LEVEL = 0;
				GCC_PREPROCESSOR_DEFINITIONS = (
					"DEBUG=1",
					"$(inherited)",
				);
				GCC_WARN_64_TO_32_BIT_CONVERSION = YES;
				GCC_WARN_ABOUT_RETURN_TYPE = YES_ERROR;
				GCC_WARN_UNDECLARED_SELECTOR = YES;
				GCC_WARN_UNINITIALIZED_AUTOS = YES_AGGRESSIVE;
				GCC_WARN_UNUSED_FUNCTION = YES;
				GCC_WARN_UNUSED_VARIABLE = YES;
				IPHONEOS_DEPLOYMENT_TARGET = 16.1;
				MTL_ENABLE_DEBUG_INFO = INCLUDE_SOURCE;
				MTL_FAST_MATH = YES;
				ONLY_ACTIVE_ARCH = YES;
				SDKROOT = iphoneos;
				SWIFT_ACTIVE_COMPILATION_CONDITIONS = DEBUG;
				SWIFT_OPTIMIZATION_LEVEL = "-Onone";
			};
			name = Debug;
		};
		A81742E2297E593D00023B28 /* Release */ = {
			isa = XCBuildConfiguration;
			buildSettings = {
				ALWAYS_SEARCH_USER_PATHS = NO;
				CLANG_ANALYZER_NONNULL = YES;
				CLANG_ANALYZER_NUMBER_OBJECT_CONVERSION = YES_AGGRESSIVE;
				CLANG_CXX_LANGUAGE_STANDARD = "gnu++20";
				CLANG_ENABLE_MODULES = YES;
				CLANG_ENABLE_OBJC_ARC = YES;
				CLANG_ENABLE_OBJC_WEAK = YES;
				CLANG_WARN_BLOCK_CAPTURE_AUTORELEASING = YES;
				CLANG_WARN_BOOL_CONVERSION = YES;
				CLANG_WARN_COMMA = YES;
				CLANG_WARN_CONSTANT_CONVERSION = YES;
				CLANG_WARN_DEPRECATED_OBJC_IMPLEMENTATIONS = YES;
				CLANG_WARN_DIRECT_OBJC_ISA_USAGE = YES_ERROR;
				CLANG_WARN_DOCUMENTATION_COMMENTS = YES;
				CLANG_WARN_EMPTY_BODY = YES;
				CLANG_WARN_ENUM_CONVERSION = YES;
				CLANG_WARN_INFINITE_RECURSION = YES;
				CLANG_WARN_INT_CONVERSION = YES;
				CLANG_WARN_NON_LITERAL_NULL_CONVERSION = YES;
				CLANG_WARN_OBJC_IMPLICIT_RETAIN_SELF = YES;
				CLANG_WARN_OBJC_LITERAL_CONVERSION = YES;
				CLANG_WARN_OBJC_ROOT_CLASS = YES_ERROR;
				CLANG_WARN_QUOTED_INCLUDE_IN_FRAMEWORK_HEADER = YES;
				CLANG_WARN_RANGE_LOOP_ANALYSIS = YES;
				CLANG_WARN_STRICT_PROTOTYPES = YES;
				CLANG_WARN_SUSPICIOUS_MOVE = YES;
				CLANG_WARN_UNGUARDED_AVAILABILITY = YES_AGGRESSIVE;
				CLANG_WARN_UNREACHABLE_CODE = YES;
				CLANG_WARN__DUPLICATE_METHOD_MATCH = YES;
				COPY_PHASE_STRIP = NO;
				DEBUG_INFORMATION_FORMAT = "dwarf-with-dsym";
				ENABLE_NS_ASSERTIONS = NO;
				ENABLE_STRICT_OBJC_MSGSEND = YES;
				GCC_C_LANGUAGE_STANDARD = gnu11;
				GCC_NO_COMMON_BLOCKS = YES;
				GCC_WARN_64_TO_32_BIT_CONVERSION = YES;
				GCC_WARN_ABOUT_RETURN_TYPE = YES_ERROR;
				GCC_WARN_UNDECLARED_SELECTOR = YES;
				GCC_WARN_UNINITIALIZED_AUTOS = YES_AGGRESSIVE;
				GCC_WARN_UNUSED_FUNCTION = YES;
				GCC_WARN_UNUSED_VARIABLE = YES;
				IPHONEOS_DEPLOYMENT_TARGET = 16.1;
				MTL_ENABLE_DEBUG_INFO = NO;
				MTL_FAST_MATH = YES;
				SDKROOT = iphoneos;
				SWIFT_COMPILATION_MODE = wholemodule;
				SWIFT_OPTIMIZATION_LEVEL = "-O";
				VALIDATE_PRODUCT = YES;
			};
			name = Release;
		};
		A81742E4297E593D00023B28 /* Debug */ = {
			isa = XCBuildConfiguration;
			buildSettings = {
				ASSETCATALOG_COMPILER_APPICON_NAME = AppIcon;
				ASSETCATALOG_COMPILER_GLOBAL_ACCENT_COLOR_NAME = AccentColor;
				CODE_SIGN_STYLE = Automatic;
				CURRENT_PROJECT_VERSION = 1;
				DEVELOPMENT_ASSET_PATHS = "\"EasyCrypto/Preview Content\"";
				DEVELOPMENT_TEAM = 3KZWVBAJSN;
				ENABLE_PREVIEWS = YES;
				GENERATE_INFOPLIST_FILE = YES;
				INFOPLIST_FILE = EasyCrypto/Info.plist;
				INFOPLIST_KEY_UIApplicationSceneManifest_Generation = YES;
				INFOPLIST_KEY_UIApplicationSupportsIndirectInputEvents = YES;
				INFOPLIST_KEY_UILaunchScreen_Generation = YES;
				INFOPLIST_KEY_UILaunchStoryboardName = "Launch Screen.storyboard";
				INFOPLIST_KEY_UISupportedInterfaceOrientations_iPad = "UIInterfaceOrientationPortrait UIInterfaceOrientationPortraitUpsideDown UIInterfaceOrientationLandscapeLeft UIInterfaceOrientationLandscapeRight";
				INFOPLIST_KEY_UISupportedInterfaceOrientations_iPhone = "UIInterfaceOrientationPortrait UIInterfaceOrientationLandscapeLeft UIInterfaceOrientationLandscapeRight";
				IPHONEOS_DEPLOYMENT_TARGET = 15.0;
				LD_RUNPATH_SEARCH_PATHS = (
					"$(inherited)",
					"@executable_path/Frameworks",
				);
				MARKETING_VERSION = 1.0;
				PRODUCT_BUNDLE_IDENTIFIER = ir.gravityapp.EasyCrypto;
				PRODUCT_NAME = "$(TARGET_NAME)";
				SUPPORTED_PLATFORMS = "iphoneos iphonesimulator";
				SUPPORTS_MACCATALYST = NO;
				SUPPORTS_MAC_DESIGNED_FOR_IPHONE_IPAD = NO;
				SWIFT_EMIT_LOC_STRINGS = YES;
				SWIFT_VERSION = 5.0;
				TARGETED_DEVICE_FAMILY = "1,2";
			};
			name = Debug;
		};
		A81742E5297E593D00023B28 /* Release */ = {
			isa = XCBuildConfiguration;
			buildSettings = {
				ASSETCATALOG_COMPILER_APPICON_NAME = AppIcon;
				ASSETCATALOG_COMPILER_GLOBAL_ACCENT_COLOR_NAME = AccentColor;
				CODE_SIGN_STYLE = Automatic;
				CURRENT_PROJECT_VERSION = 1;
				DEVELOPMENT_ASSET_PATHS = "\"EasyCrypto/Preview Content\"";
				DEVELOPMENT_TEAM = 3KZWVBAJSN;
				ENABLE_PREVIEWS = YES;
				GENERATE_INFOPLIST_FILE = YES;
				INFOPLIST_FILE = EasyCrypto/Info.plist;
				INFOPLIST_KEY_UIApplicationSceneManifest_Generation = YES;
				INFOPLIST_KEY_UIApplicationSupportsIndirectInputEvents = YES;
				INFOPLIST_KEY_UILaunchScreen_Generation = YES;
				INFOPLIST_KEY_UILaunchStoryboardName = "Launch Screen.storyboard";
				INFOPLIST_KEY_UISupportedInterfaceOrientations_iPad = "UIInterfaceOrientationPortrait UIInterfaceOrientationPortraitUpsideDown UIInterfaceOrientationLandscapeLeft UIInterfaceOrientationLandscapeRight";
				INFOPLIST_KEY_UISupportedInterfaceOrientations_iPhone = "UIInterfaceOrientationPortrait UIInterfaceOrientationLandscapeLeft UIInterfaceOrientationLandscapeRight";
				IPHONEOS_DEPLOYMENT_TARGET = 15.0;
				LD_RUNPATH_SEARCH_PATHS = (
					"$(inherited)",
					"@executable_path/Frameworks",
				);
				MARKETING_VERSION = 1.0;
				PRODUCT_BUNDLE_IDENTIFIER = ir.gravityapp.EasyCrypto;
				PRODUCT_NAME = "$(TARGET_NAME)";
				SUPPORTED_PLATFORMS = "iphoneos iphonesimulator";
				SUPPORTS_MACCATALYST = NO;
				SUPPORTS_MAC_DESIGNED_FOR_IPHONE_IPAD = NO;
				SWIFT_EMIT_LOC_STRINGS = YES;
				SWIFT_VERSION = 5.0;
				TARGETED_DEVICE_FAMILY = "1,2";
			};
			name = Release;
		};
		A81742E7297E593D00023B28 /* Debug */ = {
			isa = XCBuildConfiguration;
			buildSettings = {
				ALWAYS_EMBED_SWIFT_STANDARD_LIBRARIES = YES;
				BUNDLE_LOADER = "$(TEST_HOST)";
				CODE_SIGN_STYLE = Automatic;
				CURRENT_PROJECT_VERSION = 1;
				DEVELOPMENT_TEAM = 3KZWVBAJSN;
				GENERATE_INFOPLIST_FILE = YES;
				IPHONEOS_DEPLOYMENT_TARGET = 16.1;
				MARKETING_VERSION = 1.0;
				PRODUCT_BUNDLE_IDENTIFIER = ir.gravityapp.EasyCryptoTests;
				PRODUCT_NAME = "$(TARGET_NAME)";
				SWIFT_EMIT_LOC_STRINGS = NO;
				SWIFT_VERSION = 5.0;
				TARGETED_DEVICE_FAMILY = "1,2";
				TEST_HOST = "$(BUILT_PRODUCTS_DIR)/EasyCrypto.app/$(BUNDLE_EXECUTABLE_FOLDER_PATH)/EasyCrypto";
			};
			name = Debug;
		};
		A81742E8297E593D00023B28 /* Release */ = {
			isa = XCBuildConfiguration;
			buildSettings = {
				ALWAYS_EMBED_SWIFT_STANDARD_LIBRARIES = YES;
				BUNDLE_LOADER = "$(TEST_HOST)";
				CODE_SIGN_STYLE = Automatic;
				CURRENT_PROJECT_VERSION = 1;
				DEVELOPMENT_TEAM = 3KZWVBAJSN;
				GENERATE_INFOPLIST_FILE = YES;
				IPHONEOS_DEPLOYMENT_TARGET = 16.1;
				MARKETING_VERSION = 1.0;
				PRODUCT_BUNDLE_IDENTIFIER = ir.gravityapp.EasyCryptoTests;
				PRODUCT_NAME = "$(TARGET_NAME)";
				SWIFT_EMIT_LOC_STRINGS = NO;
				SWIFT_VERSION = 5.0;
				TARGETED_DEVICE_FAMILY = "1,2";
				TEST_HOST = "$(BUILT_PRODUCTS_DIR)/EasyCrypto.app/$(BUNDLE_EXECUTABLE_FOLDER_PATH)/EasyCrypto";
			};
			name = Release;
		};
		A81742EA297E593D00023B28 /* Debug */ = {
			isa = XCBuildConfiguration;
			buildSettings = {
				ALWAYS_EMBED_SWIFT_STANDARD_LIBRARIES = YES;
				CODE_SIGN_STYLE = Automatic;
				CURRENT_PROJECT_VERSION = 1;
				DEVELOPMENT_TEAM = 3KZWVBAJSN;
				GENERATE_INFOPLIST_FILE = YES;
				MARKETING_VERSION = 1.0;
				PRODUCT_BUNDLE_IDENTIFIER = ir.gravityapp.EasyCryptoUITests;
				PRODUCT_NAME = "$(TARGET_NAME)";
				SWIFT_EMIT_LOC_STRINGS = NO;
				SWIFT_VERSION = 5.0;
				TARGETED_DEVICE_FAMILY = "1,2";
				TEST_TARGET_NAME = EasyCrypto;
			};
			name = Debug;
		};
		A81742EB297E593D00023B28 /* Release */ = {
			isa = XCBuildConfiguration;
			buildSettings = {
				ALWAYS_EMBED_SWIFT_STANDARD_LIBRARIES = YES;
				CODE_SIGN_STYLE = Automatic;
				CURRENT_PROJECT_VERSION = 1;
				DEVELOPMENT_TEAM = 3KZWVBAJSN;
				GENERATE_INFOPLIST_FILE = YES;
				MARKETING_VERSION = 1.0;
				PRODUCT_BUNDLE_IDENTIFIER = ir.gravityapp.EasyCryptoUITests;
				PRODUCT_NAME = "$(TARGET_NAME)";
				SWIFT_EMIT_LOC_STRINGS = NO;
				SWIFT_VERSION = 5.0;
				TARGETED_DEVICE_FAMILY = "1,2";
				TEST_TARGET_NAME = EasyCrypto;
			};
			name = Release;
		};
/* End XCBuildConfiguration section */

/* Begin XCConfigurationList section */
		A81742BA297E593800023B28 /* Build configuration list for PBXProject "EasyCrypto" */ = {
			isa = XCConfigurationList;
			buildConfigurations = (
				A81742E1297E593D00023B28 /* Debug */,
				A81742E2297E593D00023B28 /* Release */,
			);
			defaultConfigurationIsVisible = 0;
			defaultConfigurationName = Release;
		};
		A81742E3297E593D00023B28 /* Build configuration list for PBXNativeTarget "EasyCrypto" */ = {
			isa = XCConfigurationList;
			buildConfigurations = (
				A81742E4297E593D00023B28 /* Debug */,
				A81742E5297E593D00023B28 /* Release */,
			);
			defaultConfigurationIsVisible = 0;
			defaultConfigurationName = Release;
		};
		A81742E6297E593D00023B28 /* Build configuration list for PBXNativeTarget "EasyCryptoTests" */ = {
			isa = XCConfigurationList;
			buildConfigurations = (
				A81742E7297E593D00023B28 /* Debug */,
				A81742E8297E593D00023B28 /* Release */,
			);
			defaultConfigurationIsVisible = 0;
			defaultConfigurationName = Release;
		};
		A81742E9297E593D00023B28 /* Build configuration list for PBXNativeTarget "EasyCryptoUITests" */ = {
			isa = XCConfigurationList;
			buildConfigurations = (
				A81742EA297E593D00023B28 /* Debug */,
				A81742EB297E593D00023B28 /* Release */,
			);
			defaultConfigurationIsVisible = 0;
			defaultConfigurationName = Release;
		};
/* End XCConfigurationList section */
	};
	rootObject = A81742B7297E593800023B28 /* Project object */;
}
