// !$*UTF8*$!
{
	archiveVersion = 1;
	classes = {
	};
	objectVersion = 56;
	objects = {

/* Begin PBXBuildFile section */
		020EE2AA29D8199F0065F5EB /* CoreDataDeletePublisher.swift in Sources */ = {isa = PBXBuildFile; fileRef = 020EE2A929D8199F0065F5EB /* CoreDataDeletePublisher.swift */; };
		022A25F1299809E2008368B1 /* CurrencyFormatter.swift in Sources */ = {isa = PBXBuildFile; fileRef = 022A25F0299809E2008368B1 /* CurrencyFormatter.swift */; };
		022A25F329980CD7008368B1 /* Int + Extension.swift in Sources */ = {isa = PBXBuildFile; fileRef = 022A25F229980CD7008368B1 /* Int + Extension.swift */; };
		022A25F629981203008368B1 /* DecimalFormatter.swift in Sources */ = {isa = PBXBuildFile; fileRef = 022A25F529981203008368B1 /* DecimalFormatter.swift */; };
		0233492C2993804100C1A20B /* ImageCache.swift in Sources */ = {isa = PBXBuildFile; fileRef = 023349282993804000C1A20B /* ImageCache.swift */; };
		0233492D2993804100C1A20B /* ImageView.swift in Sources */ = {isa = PBXBuildFile; fileRef = 023349292993804000C1A20B /* ImageView.swift */; };
		0233492F2993804100C1A20B /* ImageDownloader.swift in Sources */ = {isa = PBXBuildFile; fileRef = 0233492B2993804000C1A20B /* ImageDownloader.swift */; };
		02334934299381C700C1A20B /* SpinnerViewIndicator.swift in Sources */ = {isa = PBXBuildFile; fileRef = 02334932299381C700C1A20B /* SpinnerViewIndicator.swift */; };
		0233493729939D9200C1A20B /* DataFlowProtocol.swift in Sources */ = {isa = PBXBuildFile; fileRef = 0233493629939D9200C1A20B /* DataFlowProtocol.swift */; };
		0233493929941A8600C1A20B /* DetailView.swift in Sources */ = {isa = PBXBuildFile; fileRef = 0233493829941A8600C1A20B /* DetailView.swift */; };
		0233493B29941C8800C1A20B /* String + Extension.swift in Sources */ = {isa = PBXBuildFile; fileRef = 0233493A29941C8800C1A20B /* String + Extension.swift */; };
		024515C729B9B4840013B54C /* MarketPriceRequestTest.swift in Sources */ = {isa = PBXBuildFile; fileRef = 024515C629B9B4840013B54C /* MarketPriceRequestTest.swift */; };
		024515CA29B9B5AB0013B54C /* DummyEndpoint.swift in Sources */ = {isa = PBXBuildFile; fileRef = 024515C929B9B5AB0013B54C /* DummyEndpoint.swift */; };
		024515D529B9C67E0013B54C /* MockMarketPriceUseCase.swift in Sources */ = {isa = PBXBuildFile; fileRef = 024515D429B9C67E0013B54C /* MockMarketPriceUseCase.swift */; };
		024515D829B9CCBB0013B54C /* MockMarketPriceRepository.swift in Sources */ = {isa = PBXBuildFile; fileRef = 024515D729B9CCBB0013B54C /* MockMarketPriceRepository.swift */; };
		024515DA29B9CE3F0013B54C /* MockMarketPriceRemote.swift in Sources */ = {isa = PBXBuildFile; fileRef = 024515D929B9CE3F0013B54C /* MockMarketPriceRemote.swift */; };
		024515DF29BA14580013B54C /* MockSearchMarketUsecase.swift in Sources */ = {isa = PBXBuildFile; fileRef = 024515DE29BA14580013B54C /* MockSearchMarketUsecase.swift */; };
		024515E129BA169F0013B54C /* MockSearchMarketeRepository.swift in Sources */ = {isa = PBXBuildFile; fileRef = 024515E029BA169F0013B54C /* MockSearchMarketeRepository.swift */; };
		024515E329BA16FF0013B54C /* MockSearchMarketRemote.swift in Sources */ = {isa = PBXBuildFile; fileRef = 024515E229BA16FF0013B54C /* MockSearchMarketRemote.swift */; };
		024515E529BA42880013B54C /* RequestBuilderTest.swift in Sources */ = {isa = PBXBuildFile; fileRef = 024515E429BA42880013B54C /* RequestBuilderTest.swift */; };
		024515E829BA47CE0013B54C /* MockNetworkTarget.swift in Sources */ = {isa = PBXBuildFile; fileRef = 024515E729BA47CE0013B54C /* MockNetworkTarget.swift */; };
		0250EA7029B27F4200AA6040 /* AppDependencyContainer + Injection.swift in Sources */ = {isa = PBXBuildFile; fileRef = 0250EA6F29B27F4200AA6040 /* AppDependencyContainer + Injection.swift */; };
		0250EA7229B2826600AA6040 /* UIScreen + Extension.swift in Sources */ = {isa = PBXBuildFile; fileRef = 0250EA7129B2826600AA6040 /* UIScreen + Extension.swift */; };
		0252F0A2299A313800CD0062 /* CoinDetailView.swift in Sources */ = {isa = PBXBuildFile; fileRef = 0252F0A1299A313800CD0062 /* CoinDetailView.swift */; };
		0252F0A5299A3AC400CD0062 /* CoinUnit.swift in Sources */ = {isa = PBXBuildFile; fileRef = 0252F0A4299A3AC400CD0062 /* CoinUnit.swift */; };
		0252F0AA299A450B00CD0062 /* CoinDetailViewModel.swift in Sources */ = {isa = PBXBuildFile; fileRef = 0252F0A9299A450B00CD0062 /* CoinDetailViewModel.swift */; };
		0252F0AF299A466900CD0062 /* CoinDetailRemote.swift in Sources */ = {isa = PBXBuildFile; fileRef = 0252F0AE299A466900CD0062 /* CoinDetailRemote.swift */; };
		0252F0B1299A48A400CD0062 /* CoinDetailRepository.swift in Sources */ = {isa = PBXBuildFile; fileRef = 0252F0B0299A48A400CD0062 /* CoinDetailRepository.swift */; };
		0252F0B3299A4B4000CD0062 /* CoinMarketUsecase.swift in Sources */ = {isa = PBXBuildFile; fileRef = 0252F0B2299A4B4000CD0062 /* CoinMarketUsecase.swift */; };
		0252F0B8299AB15B00CD0062 /* Binding+Utils.swift in Sources */ = {isa = PBXBuildFile; fileRef = 0252F0B7299AB15B00CD0062 /* Binding+Utils.swift */; };
		0252F0BB299AB99900CD0062 /* SpinnerView.swift in Sources */ = {isa = PBXBuildFile; fileRef = 0252F0BA299AB99900CD0062 /* SpinnerView.swift */; };
		02593C40298E63FC00ADDA20 /* FontNameManager.swift in Sources */ = {isa = PBXBuildFile; fileRef = 02593C3F298E63FC00ADDA20 /* FontNameManager.swift */; };
		02593C46298E8BEC00ADDA20 /* Assets.xcassets in Resources */ = {isa = PBXBuildFile; fileRef = A81742C6297E593D00023B28 /* Assets.xcassets */; };
		02593C47298E8BF100ADDA20 /* Launch Screen.storyboard in Resources */ = {isa = PBXBuildFile; fileRef = A803DFBE297E91FF00357A7F /* Launch Screen.storyboard */; };
		02593C48298E8C0900ADDA20 /* arialbold.ttf in Resources */ = {isa = PBXBuildFile; fileRef = A8104F4629814AB6008A8DDE /* arialbold.ttf */; };
		02593C4A298E8D1200ADDA20 /* MarketsPrice.swift in Sources */ = {isa = PBXBuildFile; fileRef = 02593C49298E8D1200ADDA20 /* MarketsPrice.swift */; };
		02593C4C298E90EF00ADDA20 /* MarketPriceUsecase.swift in Sources */ = {isa = PBXBuildFile; fileRef = 02593C4B298E90EF00ADDA20 /* MarketPriceUsecase.swift */; };
		02593C50298E95E800ADDA20 /* MainViewModel.swift in Sources */ = {isa = PBXBuildFile; fileRef = 02593C4F298E95E800ADDA20 /* MainViewModel.swift */; };
		02593C53298E992500ADDA20 /* MarketPriceRepository.swift in Sources */ = {isa = PBXBuildFile; fileRef = 02593C52298E992500ADDA20 /* MarketPriceRepository.swift */; };
		02593C55298ECDF300ADDA20 /* MarketPriceRemote.swift in Sources */ = {isa = PBXBuildFile; fileRef = 02593C54298ECDF300ADDA20 /* MarketPriceRemote.swift */; };
		02593C58298ED0C000ADDA20 /* BaseViewModel.swift in Sources */ = {isa = PBXBuildFile; fileRef = 02593C57298ED0C000ADDA20 /* BaseViewModel.swift */; };
		027A1B0829D0830C008B10D2 /* Log.swift in Sources */ = {isa = PBXBuildFile; fileRef = 027A1B0729D0830C008B10D2 /* Log.swift */; };
		028D127F29B50BD000F7874D /* AlertView.swift in Sources */ = {isa = PBXBuildFile; fileRef = 028D127E29B50BD000F7874D /* AlertView.swift */; };
		02B22A8929CC47DE00A04929 /* CoinsDB.xcdatamodeld in Sources */ = {isa = PBXBuildFile; fileRef = 02B22A8729CC47DE00A04929 /* CoinsDB.xcdatamodeld */; };
		02B53F6829CEED370045BD34 /* MarketPriceCacheRepository.swift in Sources */ = {isa = PBXBuildFile; fileRef = 02B53F6729CEED370045BD34 /* MarketPriceCacheRepository.swift */; };
		02B53F6A29CEF4A30045BD34 /* CoreDataSavePublisher.swift in Sources */ = {isa = PBXBuildFile; fileRef = 02B53F6929CEF4A30045BD34 /* CoreDataSavePublisher.swift */; };
		02B53F6C29CEF5AB0045BD34 /* CoreDataFetchPublisher.swift in Sources */ = {isa = PBXBuildFile; fileRef = 02B53F6B29CEF5AB0045BD34 /* CoreDataFetchPublisher.swift */; };
		02BC667729B8808D00785196 /* Optional + Extension.swift in Sources */ = {isa = PBXBuildFile; fileRef = 02BC667629B8808D00785196 /* Optional + Extension.swift */; };
		02BC667A29B8820200785196 /* NavigationBarModifier.swift in Sources */ = {isa = PBXBuildFile; fileRef = 02BC667929B8820200785196 /* NavigationBarModifier.swift */; };
		02BC667C29B8824000785196 /* Navigation + Exetnsion.swift in Sources */ = {isa = PBXBuildFile; fileRef = 02BC667B29B8824000785196 /* Navigation + Exetnsion.swift */; };
		02BC667E29B8826700785196 /* SearchBar.swift in Sources */ = {isa = PBXBuildFile; fileRef = 02BC667D29B8826700785196 /* SearchBar.swift */; };
		02BC668029B882F400785196 /* PlaceholderModifier.swift in Sources */ = {isa = PBXBuildFile; fileRef = 02BC667F29B882F400785196 /* PlaceholderModifier.swift */; };
		02BC668329B8834700785196 /* ActivityIndicator.swift in Sources */ = {isa = PBXBuildFile; fileRef = 02BC668229B8834700785196 /* ActivityIndicator.swift */; };
		02BC668529B8836900785196 /* SortView.swift in Sources */ = {isa = PBXBuildFile; fileRef = 02BC668429B8836900785196 /* SortView.swift */; };
		02BC668729B8838F00785196 /* CryotoCell.swift in Sources */ = {isa = PBXBuildFile; fileRef = 02BC668629B8838F00785196 /* CryotoCell.swift */; };
		02BC668929B883F700785196 /* PriceView.swift in Sources */ = {isa = PBXBuildFile; fileRef = 02BC668829B883F700785196 /* PriceView.swift */; };
		02BC668B29B8841200785196 /* CoinDetail.swift in Sources */ = {isa = PBXBuildFile; fileRef = 02BC668A29B8841200785196 /* CoinDetail.swift */; };
		02BC668E29B8853C00785196 /* SafariView.swift in Sources */ = {isa = PBXBuildFile; fileRef = 02BC668D29B8853C00785196 /* SafariView.swift */; };
		02BC669029B88CF600785196 /* CoinDetailHeaderView.swift in Sources */ = {isa = PBXBuildFile; fileRef = 02BC668F29B88CF600785196 /* CoinDetailHeaderView.swift */; };
		02BC669229B88D8100785196 /* CoinDetailRank.swift in Sources */ = {isa = PBXBuildFile; fileRef = 02BC669129B88D8100785196 /* CoinDetailRank.swift */; };
		02BC669929B8D25300785196 /* MarketsPriceTest.swift in Sources */ = {isa = PBXBuildFile; fileRef = 02BC669829B8D25300785196 /* MarketsPriceTest.swift */; };
		02BC669B29B8D8C200785196 /* SearchMarketTest.swift in Sources */ = {isa = PBXBuildFile; fileRef = 02BC669A29B8D8C200785196 /* SearchMarketTest.swift */; };
		02BC669D29B8D94500785196 /* CoinUnitTest.swift in Sources */ = {isa = PBXBuildFile; fileRef = 02BC669C29B8D94500785196 /* CoinUnitTest.swift */; };
		02BC66A029B8E3C000785196 /* MainViewModelTest.swift in Sources */ = {isa = PBXBuildFile; fileRef = 02BC669F29B8E3C000785196 /* MainViewModelTest.swift */; };
		02D9860E29960ECF0070A7E0 /* View + Extension.swift in Sources */ = {isa = PBXBuildFile; fileRef = 02D9860D29960ECF0070A7E0 /* View + Extension.swift */; };
		02D986122996A8880070A7E0 /* SearchMarketDataRemote.swift in Sources */ = {isa = PBXBuildFile; fileRef = 02D986112996A8880070A7E0 /* SearchMarketDataRemote.swift */; };
		02D986142996AA320070A7E0 /* SearchMarketRepository.swift in Sources */ = {isa = PBXBuildFile; fileRef = 02D986132996AA320070A7E0 /* SearchMarketRepository.swift */; };
		02D986162996AAAE0070A7E0 /* SearchMarket.swift in Sources */ = {isa = PBXBuildFile; fileRef = 02D986152996AAAE0070A7E0 /* SearchMarket.swift */; };
		02D986182996AD5E0070A7E0 /* SearchMarketUsecase.swift in Sources */ = {isa = PBXBuildFile; fileRef = 02D986172996AD5E0070A7E0 /* SearchMarketUsecase.swift */; };
		02D9861B2996BCAC0070A7E0 /* Dropdown.swift in Sources */ = {isa = PBXBuildFile; fileRef = 02D9861A2996BCAC0070A7E0 /* Dropdown.swift */; };
		02F1EEF429CDAE0E003AD8A9 /* CoreDataManager.swift in Sources */ = {isa = PBXBuildFile; fileRef = 02F1EEF329CDAE0E003AD8A9 /* CoreDataManager.swift */; };
		02F1EEF629CDAE72003AD8A9 /* CoreDataPublisher.swift in Sources */ = {isa = PBXBuildFile; fileRef = 02F1EEF529CDAE72003AD8A9 /* CoreDataPublisher.swift */; };
		A803DFC4297E92D000357A7F /* Color.swift in Sources */ = {isa = PBXBuildFile; fileRef = A803DFC3297E92D000357A7F /* Color.swift */; };
		A803DFC9297E93B700357A7F /* FontManager.swift in Sources */ = {isa = PBXBuildFile; fileRef = A803DFC5297E93B600357A7F /* FontManager.swift */; };
		A803DFD3297E943100357A7F /* Cancelable.swift in Sources */ = {isa = PBXBuildFile; fileRef = A803DFD2297E943100357A7F /* Cancelable.swift */; };
		A803DFD7297E9F9800357A7F /* MainView.swift in Sources */ = {isa = PBXBuildFile; fileRef = A803DFD6297E9F9800357A7F /* MainView.swift */; };
		A8104F4D29814E88008A8DDE /* Assets.swift in Sources */ = {isa = PBXBuildFile; fileRef = A8104F4C29814E88008A8DDE /* Assets.swift */; };
		A8104F4F29814FDE008A8DDE /* Constants.swift in Sources */ = {isa = PBXBuildFile; fileRef = A8104F4E29814FDE008A8DDE /* Constants.swift */; };
		A81742C3297E593800023B28 /* EasyCryptoApp.swift in Sources */ = {isa = PBXBuildFile; fileRef = A81742C2297E593800023B28 /* EasyCryptoApp.swift */; };
		A81742D4297E593D00023B28 /* EasyCryptoTests.swift in Sources */ = {isa = PBXBuildFile; fileRef = A81742D3297E593D00023B28 /* EasyCryptoTests.swift */; };
		A81742DE297E593D00023B28 /* EasyCryptoUITests.swift in Sources */ = {isa = PBXBuildFile; fileRef = A81742DD297E593D00023B28 /* EasyCryptoUITests.swift */; };
		A81742E0297E593D00023B28 /* EasyCryptoUITestsLaunchTests.swift in Sources */ = {isa = PBXBuildFile; fileRef = A81742DF297E593D00023B28 /* EasyCryptoUITestsLaunchTests.swift */; };
		A82CB994298A7A5500699C22 /* Publisher + Extension.swift in Sources */ = {isa = PBXBuildFile; fileRef = A82CB993298A7A5500699C22 /* Publisher + Extension.swift */; };
		A82CB996298A7AB900699C22 /* URLRequest + Extension.swift in Sources */ = {isa = PBXBuildFile; fileRef = A82CB995298A7AB900699C22 /* URLRequest + Extension.swift */; };
		A851A20C29890B4D007F4CF9 /* NetworkClientProtocol.swift in Sources */ = {isa = PBXBuildFile; fileRef = A851A20A29890B4C007F4CF9 /* NetworkClientProtocol.swift */; };
		A851A20D29890B4D007F4CF9 /* NetworkClient.swift in Sources */ = {isa = PBXBuildFile; fileRef = A851A20B29890B4D007F4CF9 /* NetworkClient.swift */; };
		A851A21029890B75007F4CF9 /* NetworkClientManager.swift in Sources */ = {isa = PBXBuildFile; fileRef = A851A20F29890B75007F4CF9 /* NetworkClientManager.swift */; };
		A851A21429890B9F007F4CF9 /* NetworkTarget.swift in Sources */ = {isa = PBXBuildFile; fileRef = A851A21229890B9F007F4CF9 /* NetworkTarget.swift */; };
		A851A21529890B9F007F4CF9 /* NetworkTarget + Default.swift in Sources */ = {isa = PBXBuildFile; fileRef = A851A21329890B9F007F4CF9 /* NetworkTarget + Default.swift */; };
		A851A21929890BB8007F4CF9 /* RequestBuilder.swift in Sources */ = {isa = PBXBuildFile; fileRef = A851A21729890BB8007F4CF9 /* RequestBuilder.swift */; };
		A851A21A29890BB8007F4CF9 /* NetworkTarget + Extension.swift in Sources */ = {isa = PBXBuildFile; fileRef = A851A21829890BB8007F4CF9 /* NetworkTarget + Extension.swift */; };
		A851A21F29890BDC007F4CF9 /* HTTPMethod.swift in Sources */ = {isa = PBXBuildFile; fileRef = A851A21C29890BDB007F4CF9 /* HTTPMethod.swift */; };
		A851A22029890BDC007F4CF9 /* Encoding.swift in Sources */ = {isa = PBXBuildFile; fileRef = A851A21D29890BDB007F4CF9 /* Encoding.swift */; };
		A851A22129890BDC007F4CF9 /* Encoding + Dictionary.swift in Sources */ = {isa = PBXBuildFile; fileRef = A851A21E29890BDB007F4CF9 /* Encoding + Dictionary.swift */; };
		A851A22929890C0B007F4CF9 /* WorkScheduler.swift in Sources */ = {isa = PBXBuildFile; fileRef = A851A22329890C0A007F4CF9 /* WorkScheduler.swift */; };
		A851A22B29890C0B007F4CF9 /* Configuration.swift in Sources */ = {isa = PBXBuildFile; fileRef = A851A22529890C0A007F4CF9 /* Configuration.swift */; };
		A851A22C29890C0B007F4CF9 /* APIError.swift in Sources */ = {isa = PBXBuildFile; fileRef = A851A22629890C0A007F4CF9 /* APIError.swift */; };
		A851A22D29890C0B007F4CF9 /* BaseAPIDebuger.swift in Sources */ = {isa = PBXBuildFile; fileRef = A851A22729890C0B007F4CF9 /* BaseAPIDebuger.swift */; };
		A851A23329891243007F4CF9 /* URL + Extension.swift in Sources */ = {isa = PBXBuildFile; fileRef = A851A23229891243007F4CF9 /* URL + Extension.swift */; };
		A851A2362989158F007F4CF9 /* MessageHelper.swift in Sources */ = {isa = PBXBuildFile; fileRef = A851A2352989158F007F4CF9 /* MessageHelper.swift */; };
		A851A23829891867007F4CF9 /* HTTPURLResponse + Extension.swift in Sources */ = {isa = PBXBuildFile; fileRef = A851A23729891867007F4CF9 /* HTTPURLResponse + Extension.swift */; };
		A8D4A104299E06C700C11107 /* MainCoordinator.swift in Sources */ = {isa = PBXBuildFile; fileRef = A8D4A103299E06C700C11107 /* MainCoordinator.swift */; };
		A8D4A109299E0A6F00C11107 /* CoinDetailCoordinator.swift in Sources */ = {isa = PBXBuildFile; fileRef = A8D4A108299E0A6F00C11107 /* CoinDetailCoordinator.swift */; };
		A8D4A10D299E0E1300C11107 /* CoordinatorProtocol.swift in Sources */ = {isa = PBXBuildFile; fileRef = A8D4A10B299E0E1200C11107 /* CoordinatorProtocol.swift */; };
		A8D4A10E299E0E1300C11107 /* AppRouter.swift in Sources */ = {isa = PBXBuildFile; fileRef = A8D4A10C299E0E1200C11107 /* AppRouter.swift */; };
		A8D4A111299E106700C11107 /* Coordinatable.swift in Sources */ = {isa = PBXBuildFile; fileRef = A8D4A110299E106700C11107 /* Coordinatable.swift */; };
		A8D4A115299E45D300C11107 /* AppDependencyContainer.swift in Sources */ = {isa = PBXBuildFile; fileRef = A8D4A114299E45D300C11107 /* AppDependencyContainer.swift */; };
/* End PBXBuildFile section */

/* Begin PBXContainerItemProxy section */
		A81742D0297E593D00023B28 /* PBXContainerItemProxy */ = {
			isa = PBXContainerItemProxy;
			containerPortal = A81742B7297E593800023B28 /* Project object */;
			proxyType = 1;
			remoteGlobalIDString = A81742BE297E593800023B28;
			remoteInfo = EasyCrypto;
		};
		A81742DA297E593D00023B28 /* PBXContainerItemProxy */ = {
			isa = PBXContainerItemProxy;
			containerPortal = A81742B7297E593800023B28 /* Project object */;
			proxyType = 1;
			remoteGlobalIDString = A81742BE297E593800023B28;
			remoteInfo = EasyCrypto;
		};
/* End PBXContainerItemProxy section */

/* Begin PBXFileReference section */
		020EE2A929D8199F0065F5EB /* CoreDataDeletePublisher.swift */ = {isa = PBXFileReference; lastKnownFileType = sourcecode.swift; path = CoreDataDeletePublisher.swift; sourceTree = "<group>"; };
		022A25F0299809E2008368B1 /* CurrencyFormatter.swift */ = {isa = PBXFileReference; lastKnownFileType = sourcecode.swift; path = CurrencyFormatter.swift; sourceTree = "<group>"; };
		022A25F229980CD7008368B1 /* Int + Extension.swift */ = {isa = PBXFileReference; lastKnownFileType = sourcecode.swift; path = "Int + Extension.swift"; sourceTree = "<group>"; };
		022A25F529981203008368B1 /* DecimalFormatter.swift */ = {isa = PBXFileReference; lastKnownFileType = sourcecode.swift; path = DecimalFormatter.swift; sourceTree = "<group>"; };
		023349282993804000C1A20B /* ImageCache.swift */ = {isa = PBXFileReference; fileEncoding = 4; lastKnownFileType = sourcecode.swift; path = ImageCache.swift; sourceTree = "<group>"; };
		023349292993804000C1A20B /* ImageView.swift */ = {isa = PBXFileReference; fileEncoding = 4; lastKnownFileType = sourcecode.swift; path = ImageView.swift; sourceTree = "<group>"; };
		0233492B2993804000C1A20B /* ImageDownloader.swift */ = {isa = PBXFileReference; fileEncoding = 4; lastKnownFileType = sourcecode.swift; path = ImageDownloader.swift; sourceTree = "<group>"; };
		02334932299381C700C1A20B /* SpinnerViewIndicator.swift */ = {isa = PBXFileReference; fileEncoding = 4; lastKnownFileType = sourcecode.swift; path = SpinnerViewIndicator.swift; sourceTree = "<group>"; };
		0233493629939D9200C1A20B /* DataFlowProtocol.swift */ = {isa = PBXFileReference; lastKnownFileType = sourcecode.swift; path = DataFlowProtocol.swift; sourceTree = "<group>"; };
		0233493829941A8600C1A20B /* DetailView.swift */ = {isa = PBXFileReference; lastKnownFileType = sourcecode.swift; path = DetailView.swift; sourceTree = "<group>"; };
		0233493A29941C8800C1A20B /* String + Extension.swift */ = {isa = PBXFileReference; fileEncoding = 4; lastKnownFileType = sourcecode.swift; path = "String + Extension.swift"; sourceTree = "<group>"; };
		024515C629B9B4840013B54C /* MarketPriceRequestTest.swift */ = {isa = PBXFileReference; lastKnownFileType = sourcecode.swift; path = MarketPriceRequestTest.swift; sourceTree = "<group>"; };
		024515C929B9B5AB0013B54C /* DummyEndpoint.swift */ = {isa = PBXFileReference; lastKnownFileType = sourcecode.swift; path = DummyEndpoint.swift; sourceTree = "<group>"; };
		024515D429B9C67E0013B54C /* MockMarketPriceUseCase.swift */ = {isa = PBXFileReference; lastKnownFileType = sourcecode.swift; path = MockMarketPriceUseCase.swift; sourceTree = "<group>"; };
		024515D729B9CCBB0013B54C /* MockMarketPriceRepository.swift */ = {isa = PBXFileReference; lastKnownFileType = sourcecode.swift; path = MockMarketPriceRepository.swift; sourceTree = "<group>"; };
		024515D929B9CE3F0013B54C /* MockMarketPriceRemote.swift */ = {isa = PBXFileReference; lastKnownFileType = sourcecode.swift; path = MockMarketPriceRemote.swift; sourceTree = "<group>"; };
		024515DE29BA14580013B54C /* MockSearchMarketUsecase.swift */ = {isa = PBXFileReference; lastKnownFileType = sourcecode.swift; path = MockSearchMarketUsecase.swift; sourceTree = "<group>"; };
		024515E029BA169F0013B54C /* MockSearchMarketeRepository.swift */ = {isa = PBXFileReference; lastKnownFileType = sourcecode.swift; path = MockSearchMarketeRepository.swift; sourceTree = "<group>"; };
		024515E229BA16FF0013B54C /* MockSearchMarketRemote.swift */ = {isa = PBXFileReference; lastKnownFileType = sourcecode.swift; path = MockSearchMarketRemote.swift; sourceTree = "<group>"; };
		024515E429BA42880013B54C /* RequestBuilderTest.swift */ = {isa = PBXFileReference; lastKnownFileType = sourcecode.swift; path = RequestBuilderTest.swift; sourceTree = "<group>"; };
		024515E729BA47CE0013B54C /* MockNetworkTarget.swift */ = {isa = PBXFileReference; lastKnownFileType = sourcecode.swift; path = MockNetworkTarget.swift; sourceTree = "<group>"; };
		0250EA6F29B27F4200AA6040 /* AppDependencyContainer + Injection.swift */ = {isa = PBXFileReference; lastKnownFileType = sourcecode.swift; path = "AppDependencyContainer + Injection.swift"; sourceTree = "<group>"; };
		0250EA7129B2826600AA6040 /* UIScreen + Extension.swift */ = {isa = PBXFileReference; lastKnownFileType = sourcecode.swift; path = "UIScreen + Extension.swift"; sourceTree = "<group>"; };
		0252F0A1299A313800CD0062 /* CoinDetailView.swift */ = {isa = PBXFileReference; lastKnownFileType = sourcecode.swift; path = CoinDetailView.swift; sourceTree = "<group>"; };
		0252F0A4299A3AC400CD0062 /* CoinUnit.swift */ = {isa = PBXFileReference; lastKnownFileType = sourcecode.swift; path = CoinUnit.swift; sourceTree = "<group>"; };
		0252F0A9299A450B00CD0062 /* CoinDetailViewModel.swift */ = {isa = PBXFileReference; lastKnownFileType = sourcecode.swift; path = CoinDetailViewModel.swift; sourceTree = "<group>"; };
		0252F0AE299A466900CD0062 /* CoinDetailRemote.swift */ = {isa = PBXFileReference; lastKnownFileType = sourcecode.swift; path = CoinDetailRemote.swift; sourceTree = "<group>"; };
		0252F0B0299A48A400CD0062 /* CoinDetailRepository.swift */ = {isa = PBXFileReference; lastKnownFileType = sourcecode.swift; path = CoinDetailRepository.swift; sourceTree = "<group>"; };
		0252F0B2299A4B4000CD0062 /* CoinMarketUsecase.swift */ = {isa = PBXFileReference; lastKnownFileType = sourcecode.swift; path = CoinMarketUsecase.swift; sourceTree = "<group>"; };
		0252F0B7299AB15B00CD0062 /* Binding+Utils.swift */ = {isa = PBXFileReference; fileEncoding = 4; lastKnownFileType = sourcecode.swift; path = "Binding+Utils.swift"; sourceTree = "<group>"; };
		0252F0BA299AB99900CD0062 /* SpinnerView.swift */ = {isa = PBXFileReference; lastKnownFileType = sourcecode.swift; path = SpinnerView.swift; sourceTree = "<group>"; };
		02593C3F298E63FC00ADDA20 /* FontNameManager.swift */ = {isa = PBXFileReference; lastKnownFileType = sourcecode.swift; path = FontNameManager.swift; sourceTree = "<group>"; };
		02593C41298E8A6700ADDA20 /* Info.plist */ = {isa = PBXFileReference; fileEncoding = 4; lastKnownFileType = text.plist.xml; path = Info.plist; sourceTree = "<group>"; };
		02593C49298E8D1200ADDA20 /* MarketsPrice.swift */ = {isa = PBXFileReference; lastKnownFileType = sourcecode.swift; path = MarketsPrice.swift; sourceTree = "<group>"; };
		02593C4B298E90EF00ADDA20 /* MarketPriceUsecase.swift */ = {isa = PBXFileReference; lastKnownFileType = sourcecode.swift; path = MarketPriceUsecase.swift; sourceTree = "<group>"; };
		02593C4F298E95E800ADDA20 /* MainViewModel.swift */ = {isa = PBXFileReference; lastKnownFileType = sourcecode.swift; path = MainViewModel.swift; sourceTree = "<group>"; };
		02593C52298E992500ADDA20 /* MarketPriceRepository.swift */ = {isa = PBXFileReference; lastKnownFileType = sourcecode.swift; path = MarketPriceRepository.swift; sourceTree = "<group>"; };
		02593C54298ECDF300ADDA20 /* MarketPriceRemote.swift */ = {isa = PBXFileReference; lastKnownFileType = sourcecode.swift; path = MarketPriceRemote.swift; sourceTree = "<group>"; };
		02593C57298ED0C000ADDA20 /* BaseViewModel.swift */ = {isa = PBXFileReference; lastKnownFileType = sourcecode.swift; path = BaseViewModel.swift; sourceTree = "<group>"; };
		027A1B0729D0830C008B10D2 /* Log.swift */ = {isa = PBXFileReference; lastKnownFileType = sourcecode.swift; path = Log.swift; sourceTree = "<group>"; };
		028D127E29B50BD000F7874D /* AlertView.swift */ = {isa = PBXFileReference; fileEncoding = 4; lastKnownFileType = sourcecode.swift; path = AlertView.swift; sourceTree = "<group>"; };
		02B22A8829CC47DE00A04929 /* Coins.xcdatamodel */ = {isa = PBXFileReference; lastKnownFileType = wrapper.xcdatamodel; path = Coins.xcdatamodel; sourceTree = "<group>"; };
		02B53F6729CEED370045BD34 /* MarketPriceCacheRepository.swift */ = {isa = PBXFileReference; lastKnownFileType = sourcecode.swift; path = MarketPriceCacheRepository.swift; sourceTree = "<group>"; };
		02B53F6929CEF4A30045BD34 /* CoreDataSavePublisher.swift */ = {isa = PBXFileReference; lastKnownFileType = sourcecode.swift; path = CoreDataSavePublisher.swift; sourceTree = "<group>"; };
		02B53F6B29CEF5AB0045BD34 /* CoreDataFetchPublisher.swift */ = {isa = PBXFileReference; lastKnownFileType = sourcecode.swift; path = CoreDataFetchPublisher.swift; sourceTree = "<group>"; };
		02BC667629B8808D00785196 /* Optional + Extension.swift */ = {isa = PBXFileReference; lastKnownFileType = sourcecode.swift; path = "Optional + Extension.swift"; sourceTree = "<group>"; };
		02BC667929B8820200785196 /* NavigationBarModifier.swift */ = {isa = PBXFileReference; lastKnownFileType = sourcecode.swift; path = NavigationBarModifier.swift; sourceTree = "<group>"; };
		02BC667B29B8824000785196 /* Navigation + Exetnsion.swift */ = {isa = PBXFileReference; lastKnownFileType = sourcecode.swift; path = "Navigation + Exetnsion.swift"; sourceTree = "<group>"; };
		02BC667D29B8826700785196 /* SearchBar.swift */ = {isa = PBXFileReference; lastKnownFileType = sourcecode.swift; path = SearchBar.swift; sourceTree = "<group>"; };
		02BC667F29B882F400785196 /* PlaceholderModifier.swift */ = {isa = PBXFileReference; lastKnownFileType = sourcecode.swift; path = PlaceholderModifier.swift; sourceTree = "<group>"; };
		02BC668229B8834700785196 /* ActivityIndicator.swift */ = {isa = PBXFileReference; lastKnownFileType = sourcecode.swift; path = ActivityIndicator.swift; sourceTree = "<group>"; };
		02BC668429B8836900785196 /* SortView.swift */ = {isa = PBXFileReference; lastKnownFileType = sourcecode.swift; path = SortView.swift; sourceTree = "<group>"; };
		02BC668629B8838F00785196 /* CryotoCell.swift */ = {isa = PBXFileReference; lastKnownFileType = sourcecode.swift; path = CryotoCell.swift; sourceTree = "<group>"; };
		02BC668829B883F700785196 /* PriceView.swift */ = {isa = PBXFileReference; lastKnownFileType = sourcecode.swift; path = PriceView.swift; sourceTree = "<group>"; };
		02BC668A29B8841200785196 /* CoinDetail.swift */ = {isa = PBXFileReference; lastKnownFileType = sourcecode.swift; path = CoinDetail.swift; sourceTree = "<group>"; };
		02BC668D29B8853C00785196 /* SafariView.swift */ = {isa = PBXFileReference; lastKnownFileType = sourcecode.swift; path = SafariView.swift; sourceTree = "<group>"; };
		02BC668F29B88CF600785196 /* CoinDetailHeaderView.swift */ = {isa = PBXFileReference; lastKnownFileType = sourcecode.swift; path = CoinDetailHeaderView.swift; sourceTree = "<group>"; };
		02BC669129B88D8100785196 /* CoinDetailRank.swift */ = {isa = PBXFileReference; lastKnownFileType = sourcecode.swift; path = CoinDetailRank.swift; sourceTree = "<group>"; };
		02BC669829B8D25300785196 /* MarketsPriceTest.swift */ = {isa = PBXFileReference; lastKnownFileType = sourcecode.swift; path = MarketsPriceTest.swift; sourceTree = "<group>"; };
		02BC669A29B8D8C200785196 /* SearchMarketTest.swift */ = {isa = PBXFileReference; lastKnownFileType = sourcecode.swift; path = SearchMarketTest.swift; sourceTree = "<group>"; };
		02BC669C29B8D94500785196 /* CoinUnitTest.swift */ = {isa = PBXFileReference; lastKnownFileType = sourcecode.swift; path = CoinUnitTest.swift; sourceTree = "<group>"; };
		02BC669F29B8E3C000785196 /* MainViewModelTest.swift */ = {isa = PBXFileReference; lastKnownFileType = sourcecode.swift; path = MainViewModelTest.swift; sourceTree = "<group>"; };
		02D9860D29960ECF0070A7E0 /* View + Extension.swift */ = {isa = PBXFileReference; fileEncoding = 4; lastKnownFileType = sourcecode.swift; path = "View + Extension.swift"; sourceTree = "<group>"; };
		02D986112996A8880070A7E0 /* SearchMarketDataRemote.swift */ = {isa = PBXFileReference; lastKnownFileType = sourcecode.swift; path = SearchMarketDataRemote.swift; sourceTree = "<group>"; };
		02D986132996AA320070A7E0 /* SearchMarketRepository.swift */ = {isa = PBXFileReference; lastKnownFileType = sourcecode.swift; path = SearchMarketRepository.swift; sourceTree = "<group>"; };
		02D986152996AAAE0070A7E0 /* SearchMarket.swift */ = {isa = PBXFileReference; lastKnownFileType = sourcecode.swift; path = SearchMarket.swift; sourceTree = "<group>"; };
		02D986172996AD5E0070A7E0 /* SearchMarketUsecase.swift */ = {isa = PBXFileReference; lastKnownFileType = sourcecode.swift; path = SearchMarketUsecase.swift; sourceTree = "<group>"; };
		02D9861A2996BCAC0070A7E0 /* Dropdown.swift */ = {isa = PBXFileReference; lastKnownFileType = sourcecode.swift; path = Dropdown.swift; sourceTree = "<group>"; };
		02F1EEF329CDAE0E003AD8A9 /* CoreDataManager.swift */ = {isa = PBXFileReference; lastKnownFileType = sourcecode.swift; path = CoreDataManager.swift; sourceTree = "<group>"; };
		02F1EEF529CDAE72003AD8A9 /* CoreDataPublisher.swift */ = {isa = PBXFileReference; lastKnownFileType = sourcecode.swift; path = CoreDataPublisher.swift; sourceTree = "<group>"; };
		A803DFBE297E91FF00357A7F /* Launch Screen.storyboard */ = {isa = PBXFileReference; lastKnownFileType = file.storyboard; path = "Launch Screen.storyboard"; sourceTree = "<group>"; };
		A803DFC3297E92D000357A7F /* Color.swift */ = {isa = PBXFileReference; lastKnownFileType = sourcecode.swift; path = Color.swift; sourceTree = "<group>"; };
		A803DFC5297E93B600357A7F /* FontManager.swift */ = {isa = PBXFileReference; fileEncoding = 4; lastKnownFileType = sourcecode.swift; path = FontManager.swift; sourceTree = "<group>"; };
		A803DFD2297E943100357A7F /* Cancelable.swift */ = {isa = PBXFileReference; fileEncoding = 4; lastKnownFileType = sourcecode.swift; path = Cancelable.swift; sourceTree = "<group>"; };
		A803DFD6297E9F9800357A7F /* MainView.swift */ = {isa = PBXFileReference; lastKnownFileType = sourcecode.swift; path = MainView.swift; sourceTree = "<group>"; };
		A8104F4629814AB6008A8DDE /* arialbold.ttf */ = {isa = PBXFileReference; lastKnownFileType = file; path = arialbold.ttf; sourceTree = "<group>"; };
		A8104F4C29814E88008A8DDE /* Assets.swift */ = {isa = PBXFileReference; lastKnownFileType = sourcecode.swift; path = Assets.swift; sourceTree = "<group>"; };
		A8104F4E29814FDE008A8DDE /* Constants.swift */ = {isa = PBXFileReference; lastKnownFileType = sourcecode.swift; path = Constants.swift; sourceTree = "<group>"; };
		A81742BF297E593800023B28 /* EasyCrypto.app */ = {isa = PBXFileReference; explicitFileType = wrapper.application; includeInIndex = 0; path = EasyCrypto.app; sourceTree = BUILT_PRODUCTS_DIR; };
		A81742C2297E593800023B28 /* EasyCryptoApp.swift */ = {isa = PBXFileReference; lastKnownFileType = sourcecode.swift; path = EasyCryptoApp.swift; sourceTree = "<group>"; };
		A81742C6297E593D00023B28 /* Assets.xcassets */ = {isa = PBXFileReference; lastKnownFileType = folder.assetcatalog; path = Assets.xcassets; sourceTree = "<group>"; };
		A81742C9297E593D00023B28 /* Preview Assets.xcassets */ = {isa = PBXFileReference; lastKnownFileType = folder.assetcatalog; path = "Preview Assets.xcassets"; sourceTree = "<group>"; };
		A81742CF297E593D00023B28 /* EasyCryptoTests.xctest */ = {isa = PBXFileReference; explicitFileType = wrapper.cfbundle; includeInIndex = 0; path = EasyCryptoTests.xctest; sourceTree = BUILT_PRODUCTS_DIR; };
		A81742D3297E593D00023B28 /* EasyCryptoTests.swift */ = {isa = PBXFileReference; lastKnownFileType = sourcecode.swift; path = EasyCryptoTests.swift; sourceTree = "<group>"; };
		A81742D9297E593D00023B28 /* EasyCryptoUITests.xctest */ = {isa = PBXFileReference; explicitFileType = wrapper.cfbundle; includeInIndex = 0; path = EasyCryptoUITests.xctest; sourceTree = BUILT_PRODUCTS_DIR; };
		A81742DD297E593D00023B28 /* EasyCryptoUITests.swift */ = {isa = PBXFileReference; lastKnownFileType = sourcecode.swift; path = EasyCryptoUITests.swift; sourceTree = "<group>"; };
		A81742DF297E593D00023B28 /* EasyCryptoUITestsLaunchTests.swift */ = {isa = PBXFileReference; lastKnownFileType = sourcecode.swift; path = EasyCryptoUITestsLaunchTests.swift; sourceTree = "<group>"; };
		A82CB993298A7A5500699C22 /* Publisher + Extension.swift */ = {isa = PBXFileReference; lastKnownFileType = sourcecode.swift; path = "Publisher + Extension.swift"; sourceTree = "<group>"; };
		A82CB995298A7AB900699C22 /* URLRequest + Extension.swift */ = {isa = PBXFileReference; lastKnownFileType = sourcecode.swift; path = "URLRequest + Extension.swift"; sourceTree = "<group>"; };
		A851A20A29890B4C007F4CF9 /* NetworkClientProtocol.swift */ = {isa = PBXFileReference; fileEncoding = 4; lastKnownFileType = sourcecode.swift; path = NetworkClientProtocol.swift; sourceTree = "<group>"; };
		A851A20B29890B4D007F4CF9 /* NetworkClient.swift */ = {isa = PBXFileReference; fileEncoding = 4; lastKnownFileType = sourcecode.swift; path = NetworkClient.swift; sourceTree = "<group>"; };
		A851A20F29890B75007F4CF9 /* NetworkClientManager.swift */ = {isa = PBXFileReference; fileEncoding = 4; lastKnownFileType = sourcecode.swift; path = NetworkClientManager.swift; sourceTree = "<group>"; };
		A851A21229890B9F007F4CF9 /* NetworkTarget.swift */ = {isa = PBXFileReference; fileEncoding = 4; lastKnownFileType = sourcecode.swift; path = NetworkTarget.swift; sourceTree = "<group>"; };
		A851A21329890B9F007F4CF9 /* NetworkTarget + Default.swift */ = {isa = PBXFileReference; fileEncoding = 4; lastKnownFileType = sourcecode.swift; path = "NetworkTarget + Default.swift"; sourceTree = "<group>"; };
		A851A21729890BB8007F4CF9 /* RequestBuilder.swift */ = {isa = PBXFileReference; fileEncoding = 4; lastKnownFileType = sourcecode.swift; path = RequestBuilder.swift; sourceTree = "<group>"; };
		A851A21829890BB8007F4CF9 /* NetworkTarget + Extension.swift */ = {isa = PBXFileReference; fileEncoding = 4; lastKnownFileType = sourcecode.swift; path = "NetworkTarget + Extension.swift"; sourceTree = "<group>"; };
		A851A21C29890BDB007F4CF9 /* HTTPMethod.swift */ = {isa = PBXFileReference; fileEncoding = 4; lastKnownFileType = sourcecode.swift; path = HTTPMethod.swift; sourceTree = "<group>"; };
		A851A21D29890BDB007F4CF9 /* Encoding.swift */ = {isa = PBXFileReference; fileEncoding = 4; lastKnownFileType = sourcecode.swift; path = Encoding.swift; sourceTree = "<group>"; };
		A851A21E29890BDB007F4CF9 /* Encoding + Dictionary.swift */ = {isa = PBXFileReference; fileEncoding = 4; lastKnownFileType = sourcecode.swift; path = "Encoding + Dictionary.swift"; sourceTree = "<group>"; };
		A851A22329890C0A007F4CF9 /* WorkScheduler.swift */ = {isa = PBXFileReference; fileEncoding = 4; lastKnownFileType = sourcecode.swift; path = WorkScheduler.swift; sourceTree = "<group>"; };
		A851A22529890C0A007F4CF9 /* Configuration.swift */ = {isa = PBXFileReference; fileEncoding = 4; lastKnownFileType = sourcecode.swift; path = Configuration.swift; sourceTree = "<group>"; };
		A851A22629890C0A007F4CF9 /* APIError.swift */ = {isa = PBXFileReference; fileEncoding = 4; lastKnownFileType = sourcecode.swift; path = APIError.swift; sourceTree = "<group>"; };
		A851A22729890C0B007F4CF9 /* BaseAPIDebuger.swift */ = {isa = PBXFileReference; fileEncoding = 4; lastKnownFileType = sourcecode.swift; path = BaseAPIDebuger.swift; sourceTree = "<group>"; };
		A851A23229891243007F4CF9 /* URL + Extension.swift */ = {isa = PBXFileReference; lastKnownFileType = sourcecode.swift; path = "URL + Extension.swift"; sourceTree = "<group>"; };
		A851A2352989158F007F4CF9 /* MessageHelper.swift */ = {isa = PBXFileReference; lastKnownFileType = sourcecode.swift; path = MessageHelper.swift; sourceTree = "<group>"; };
		A851A23729891867007F4CF9 /* HTTPURLResponse + Extension.swift */ = {isa = PBXFileReference; lastKnownFileType = sourcecode.swift; path = "HTTPURLResponse + Extension.swift"; sourceTree = "<group>"; };
		A8D4A103299E06C700C11107 /* MainCoordinator.swift */ = {isa = PBXFileReference; lastKnownFileType = sourcecode.swift; path = MainCoordinator.swift; sourceTree = "<group>"; };
		A8D4A108299E0A6F00C11107 /* CoinDetailCoordinator.swift */ = {isa = PBXFileReference; lastKnownFileType = sourcecode.swift; path = CoinDetailCoordinator.swift; sourceTree = "<group>"; };
		A8D4A10B299E0E1200C11107 /* CoordinatorProtocol.swift */ = {isa = PBXFileReference; fileEncoding = 4; lastKnownFileType = sourcecode.swift; path = CoordinatorProtocol.swift; sourceTree = "<group>"; };
		A8D4A10C299E0E1200C11107 /* AppRouter.swift */ = {isa = PBXFileReference; fileEncoding = 4; lastKnownFileType = sourcecode.swift; path = AppRouter.swift; sourceTree = "<group>"; };
		A8D4A110299E106700C11107 /* Coordinatable.swift */ = {isa = PBXFileReference; lastKnownFileType = sourcecode.swift; path = Coordinatable.swift; sourceTree = "<group>"; };
		A8D4A114299E45D300C11107 /* AppDependencyContainer.swift */ = {isa = PBXFileReference; lastKnownFileType = sourcecode.swift; path = AppDependencyContainer.swift; sourceTree = "<group>"; };
/* End PBXFileReference section */

/* Begin PBXFrameworksBuildPhase section */
		A81742BC297E593800023B28 /* Frameworks */ = {
			isa = PBXFrameworksBuildPhase;
			buildActionMask = 2147483647;
			files = (
			);
			runOnlyForDeploymentPostprocessing = 0;
		};
		A81742CC297E593D00023B28 /* Frameworks */ = {
			isa = PBXFrameworksBuildPhase;
			buildActionMask = 2147483647;
			files = (
			);
			runOnlyForDeploymentPostprocessing = 0;
		};
		A81742D6297E593D00023B28 /* Frameworks */ = {
			isa = PBXFrameworksBuildPhase;
			buildActionMask = 2147483647;
			files = (
			);
			runOnlyForDeploymentPostprocessing = 0;
		};
/* End PBXFrameworksBuildPhase section */

/* Begin PBXGroup section */
		022A25EF299809C9008368B1 /* CurencyFormetter */ = {
			isa = PBXGroup;
			children = (
				022A25F0299809E2008368B1 /* CurrencyFormatter.swift */,
			);
			path = CurencyFormetter;
			sourceTree = "<group>";
		};
		022A25F4299811F4008368B1 /* DecimalFormatter */ = {
			isa = PBXGroup;
			children = (
				022A25F529981203008368B1 /* DecimalFormatter.swift */,
			);
			path = DecimalFormatter;
			sourceTree = "<group>";
		};
		0233492629937BCB00C1A20B /* Remote */ = {
			isa = PBXGroup;
			children = (
				02593C54298ECDF300ADDA20 /* MarketPriceRemote.swift */,
				02D986112996A8880070A7E0 /* SearchMarketDataRemote.swift */,
				0252F0AE299A466900CD0062 /* CoinDetailRemote.swift */,
			);
			path = Remote;
			sourceTree = "<group>";
		};
		023349272993803900C1A20B /* ImageDownloader */ = {
			isa = PBXGroup;
			children = (
				0233492B2993804000C1A20B /* ImageDownloader.swift */,
				023349282993804000C1A20B /* ImageCache.swift */,
				023349292993804000C1A20B /* ImageView.swift */,
			);
			path = ImageDownloader;
			sourceTree = "<group>";
		};
		02334930299381B100C1A20B /* SpinnerView */ = {
			isa = PBXGroup;
			children = (
				0252F0BA299AB99900CD0062 /* SpinnerView.swift */,
				02334932299381C700C1A20B /* SpinnerViewIndicator.swift */,
			);
			path = SpinnerView;
			sourceTree = "<group>";
		};
		0233493529939D7100C1A20B /* DataFlow */ = {
			isa = PBXGroup;
			children = (
				0233493629939D9200C1A20B /* DataFlowProtocol.swift */,
			);
			path = DataFlow;
			sourceTree = "<group>";
		};
		024515C529B9B4400013B54C /* Networking */ = {
			isa = PBXGroup;
			children = (
				024515C629B9B4840013B54C /* MarketPriceRequestTest.swift */,
				024515E429BA42880013B54C /* RequestBuilderTest.swift */,
			);
			path = Networking;
			sourceTree = "<group>";
		};
		024515C829B9B5920013B54C /* Dummy */ = {
			isa = PBXGroup;
			children = (
				024515C929B9B5AB0013B54C /* DummyEndpoint.swift */,
			);
			path = Dummy;
			sourceTree = "<group>";
		};
		024515D629B9CC930013B54C /* MarketPrice */ = {
			isa = PBXGroup;
			children = (
				024515D929B9CE3F0013B54C /* MockMarketPriceRemote.swift */,
				024515D729B9CCBB0013B54C /* MockMarketPriceRepository.swift */,
				024515D429B9C67E0013B54C /* MockMarketPriceUseCase.swift */,
			);
			path = MarketPrice;
			sourceTree = "<group>";
		};
		024515DB29BA13F40013B54C /* Search */ = {
			isa = PBXGroup;
			children = (
				024515E229BA16FF0013B54C /* MockSearchMarketRemote.swift */,
				024515E029BA169F0013B54C /* MockSearchMarketeRepository.swift */,
				024515DE29BA14580013B54C /* MockSearchMarketUsecase.swift */,
			);
			path = Search;
			sourceTree = "<group>";
		};
		024515E629BA47BB0013B54C /* NetworkTarget */ = {
			isa = PBXGroup;
			children = (
				024515E729BA47CE0013B54C /* MockNetworkTarget.swift */,
			);
			path = NetworkTarget;
			sourceTree = "<group>";
		};
		0252F0A3299A376800CD0062 /* CoinDetail */ = {
			isa = PBXGroup;
			children = (
				0252F0A6299A44E300CD0062 /* View */,
				0252F0A8299A44F700CD0062 /* ViewModel */,
				02AB51C3299F659D00BFD22D /* Coordinator */,
			);
			path = CoinDetail;
			sourceTree = "<group>";
		};
		0252F0A6299A44E300CD0062 /* View */ = {
			isa = PBXGroup;
			children = (
				0252F0A1299A313800CD0062 /* CoinDetailView.swift */,
				02BC668F29B88CF600785196 /* CoinDetailHeaderView.swift */,
				02BC669129B88D8100785196 /* CoinDetailRank.swift */,
			);
			path = View;
			sourceTree = "<group>";
		};
		0252F0A7299A44EF00CD0062 /* View */ = {
			isa = PBXGroup;
			children = (
				0233493829941A8600C1A20B /* DetailView.swift */,
				02BC668829B883F700785196 /* PriceView.swift */,
				02BC668A29B8841200785196 /* CoinDetail.swift */,
			);
			path = View;
			sourceTree = "<group>";
		};
		0252F0A8299A44F700CD0062 /* ViewModel */ = {
			isa = PBXGroup;
			children = (
				0252F0A9299A450B00CD0062 /* CoinDetailViewModel.swift */,
			);
			path = ViewModel;
			sourceTree = "<group>";
		};
		02593C4D298E95D100ADDA20 /* View */ = {
			isa = PBXGroup;
			children = (
				A803DFD6297E9F9800357A7F /* MainView.swift */,
				02BC667D29B8826700785196 /* SearchBar.swift */,
				02BC668429B8836900785196 /* SortView.swift */,
				02BC668629B8838F00785196 /* CryotoCell.swift */,
			);
			path = View;
			sourceTree = "<group>";
		};
		02593C4E298E95D900ADDA20 /* ViewModel */ = {
			isa = PBXGroup;
			children = (
				02593C4F298E95E800ADDA20 /* MainViewModel.swift */,
			);
			path = ViewModel;
			sourceTree = "<group>";
		};
		02593C51298E991300ADDA20 /* Repository */ = {
			isa = PBXGroup;
			children = (
				02593C52298E992500ADDA20 /* MarketPriceRepository.swift */,
				02B53F6729CEED370045BD34 /* MarketPriceCacheRepository.swift */,
				02D986132996AA320070A7E0 /* SearchMarketRepository.swift */,
				0252F0B0299A48A400CD0062 /* CoinDetailRepository.swift */,
			);
			path = Repository;
			sourceTree = "<group>";
		};
		02593C59298EE12500ADDA20 /* App */ = {
			isa = PBXGroup;
			children = (
				A81742C2297E593800023B28 /* EasyCryptoApp.swift */,
				A8D4A114299E45D300C11107 /* AppDependencyContainer.swift */,
				0250EA6F29B27F4200AA6040 /* AppDependencyContainer + Injection.swift */,
			);
			path = App;
			sourceTree = "<group>";
		};
		027A1B0629D08301008B10D2 /* Log */ = {
			isa = PBXGroup;
			children = (
				027A1B0729D0830C008B10D2 /* Log.swift */,
			);
			path = Log;
			sourceTree = "<group>";
		};
		028D127D29B50BBC00F7874D /* AlertView */ = {
			isa = PBXGroup;
			children = (
				028D127E29B50BD000F7874D /* AlertView.swift */,
			);
			path = AlertView;
			sourceTree = "<group>";
		};
		02AB51C2299F658B00BFD22D /* Coordinator */ = {
			isa = PBXGroup;
			children = (
				A8D4A103299E06C700C11107 /* MainCoordinator.swift */,
			);
			path = Coordinator;
			sourceTree = "<group>";
		};
		02AB51C3299F659D00BFD22D /* Coordinator */ = {
			isa = PBXGroup;
			children = (
				A8D4A108299E0A6F00C11107 /* CoinDetailCoordinator.swift */,
			);
			path = Coordinator;
			sourceTree = "<group>";
		};
		02B22A8629CC476800A04929 /* Persistance */ = {
			isa = PBXGroup;
			children = (
				02B22A8729CC47DE00A04929 /* CoinsDB.xcdatamodeld */,
				02F1EEF329CDAE0E003AD8A9 /* CoreDataManager.swift */,
				02F1EEF529CDAE72003AD8A9 /* CoreDataPublisher.swift */,
				02B53F6929CEF4A30045BD34 /* CoreDataSavePublisher.swift */,
				02B53F6B29CEF5AB0045BD34 /* CoreDataFetchPublisher.swift */,
				020EE2A929D8199F0065F5EB /* CoreDataDeletePublisher.swift */,
			);
			path = Persistance;
			sourceTree = "<group>";
		};
		02BC667829B881DB00785196 /* ViewModifier */ = {
			isa = PBXGroup;
			children = (
				02BC667929B8820200785196 /* NavigationBarModifier.swift */,
				02BC667F29B882F400785196 /* PlaceholderModifier.swift */,
			);
			path = ViewModifier;
			sourceTree = "<group>";
		};
		02BC668129B8833200785196 /* ActivityIndicator */ = {
			isa = PBXGroup;
			children = (
				02BC668229B8834700785196 /* ActivityIndicator.swift */,
			);
			path = ActivityIndicator;
			sourceTree = "<group>";
		};
		02BC668C29B8852E00785196 /* SafariView */ = {
			isa = PBXGroup;
			children = (
				02BC668D29B8853C00785196 /* SafariView.swift */,
			);
			path = SafariView;
			sourceTree = "<group>";
		};
		02BC669529B88E5C00785196 /* Resource */ = {
			isa = PBXGroup;
			children = (
				A81742C6297E593D00023B28 /* Assets.xcassets */,
				A803DFBE297E91FF00357A7F /* Launch Screen.storyboard */,
				02593C41298E8A6700ADDA20 /* Info.plist */,
			);
			name = Resource;
			sourceTree = "<group>";
		};
		02BC669629B8CFF700785196 /* Cases */ = {
			isa = PBXGroup;
			children = (
				024515C529B9B4400013B54C /* Networking */,
				02BC669E29B8E39900785196 /* ViewModel */,
				02BC669729B8CFFF00785196 /* Entity */,
			);
			path = Cases;
			sourceTree = "<group>";
		};
		02BC669729B8CFFF00785196 /* Entity */ = {
			isa = PBXGroup;
			children = (
				02BC669829B8D25300785196 /* MarketsPriceTest.swift */,
				02BC669A29B8D8C200785196 /* SearchMarketTest.swift */,
				02BC669C29B8D94500785196 /* CoinUnitTest.swift */,
			);
			path = Entity;
			sourceTree = "<group>";
		};
		02BC669E29B8E39900785196 /* ViewModel */ = {
			isa = PBXGroup;
			children = (
				02BC669F29B8E3C000785196 /* MainViewModelTest.swift */,
			);
			path = ViewModel;
			sourceTree = "<group>";
		};
		02BC66A129B8E4CE00785196 /* Mock */ = {
			isa = PBXGroup;
			children = (
				024515E629BA47BB0013B54C /* NetworkTarget */,
				024515DB29BA13F40013B54C /* Search */,
				024515D629B9CC930013B54C /* MarketPrice */,
			);
			path = Mock;
			sourceTree = "<group>";
		};
		02D8622229BBAE4500F77BC7 /* WorkScheduler */ = {
			isa = PBXGroup;
			children = (
				A851A22329890C0A007F4CF9 /* WorkScheduler.swift */,
			);
			path = WorkScheduler;
			sourceTree = "<group>";
		};
		02D986192996BC990070A7E0 /* DropDown */ = {
			isa = PBXGroup;
			children = (
				02D9861A2996BCAC0070A7E0 /* Dropdown.swift */,
			);
			path = DropDown;
			sourceTree = "<group>";
		};
		A803DFB7297E918900357A7F /* Theme */ = {
			isa = PBXGroup;
			children = (
				A803DFC2297E92B800357A7F /* Assets */,
				A803DFC1297E92AD00357A7F /* Color */,
				A803DFC0297E92A600357A7F /* Fonts */,
			);
			path = Theme;
			sourceTree = "<group>";
		};
		A803DFB9297E91AF00357A7F /* Components */ = {
			isa = PBXGroup;
			children = (
				02BC668129B8833200785196 /* ActivityIndicator */,
				02BC667829B881DB00785196 /* ViewModifier */,
				028D127D29B50BBC00F7874D /* AlertView */,
				023349272993803900C1A20B /* ImageDownloader */,
				022A25EF299809C9008368B1 /* CurencyFormetter */,
				022A25F4299811F4008368B1 /* DecimalFormatter */,
				02D986192996BC990070A7E0 /* DropDown */,
				02334930299381B100C1A20B /* SpinnerView */,
			);
			path = Components;
			sourceTree = "<group>";
		};
		A803DFBA297E91BF00357A7F /* Core */ = {
			isa = PBXGroup;
			children = (
				027A1B0629D08301008B10D2 /* Log */,
				02D8622229BBAE4500F77BC7 /* WorkScheduler */,
				02BC668C29B8852E00785196 /* SafariView */,
				A803DFD1297E942600357A7F /* Subscriber */,
				A8D4A10F299E105500C11107 /* Coordinatable */,
				0233493529939D7100C1A20B /* DataFlow */,
				A82CB997298A867500699C22 /* Constants */,
				A851A20829890AFC007F4CF9 /* Networking */,
			);
			path = Core;
			sourceTree = "<group>";
		};
		A803DFBB297E91C600357A7F /* Data */ = {
			isa = PBXGroup;
			children = (
				0233492629937BCB00C1A20B /* Remote */,
				02593C51298E991300ADDA20 /* Repository */,
			);
			path = Data;
			sourceTree = "<group>";
		};
		A803DFBC297E91CF00357A7F /* Domain */ = {
			isa = PBXGroup;
			children = (
				A82CB999298A883900699C22 /* Entity */,
				A82CB998298A882F00699C22 /* Usecase */,
			);
			path = Domain;
			sourceTree = "<group>";
		};
		A803DFBD297E91E000357A7F /* Presentation */ = {
			isa = PBXGroup;
			children = (
				A803DFD4297E9F8100357A7F /* Main */,
				A803DFD5297E9F8600357A7F /* Detail */,
				0252F0A3299A376800CD0062 /* CoinDetail */,
			);
			path = Presentation;
			sourceTree = "<group>";
		};
		A803DFC0297E92A600357A7F /* Fonts */ = {
			isa = PBXGroup;
			children = (
				A8104F4529814AA5008A8DDE /* Files */,
				A803DFC5297E93B600357A7F /* FontManager.swift */,
				02593C3F298E63FC00ADDA20 /* FontNameManager.swift */,
			);
			path = Fonts;
			sourceTree = "<group>";
		};
		A803DFC1297E92AD00357A7F /* Color */ = {
			isa = PBXGroup;
			children = (
				A803DFC3297E92D000357A7F /* Color.swift */,
			);
			path = Color;
			sourceTree = "<group>";
		};
		A803DFC2297E92B800357A7F /* Assets */ = {
			isa = PBXGroup;
			children = (
				A8104F4C29814E88008A8DDE /* Assets.swift */,
			);
			path = Assets;
			sourceTree = "<group>";
		};
		A803DFCD297E93F600357A7F /* Support */ = {
			isa = PBXGroup;
			children = (
				A851A2342989155F007F4CF9 /* MessageHelper */,
				A851A22F29891214007F4CF9 /* Extension */,
			);
			path = Support;
			sourceTree = "<group>";
		};
		A803DFD1297E942600357A7F /* Subscriber */ = {
			isa = PBXGroup;
			children = (
				A803DFD2297E943100357A7F /* Cancelable.swift */,
			);
			path = Subscriber;
			sourceTree = "<group>";
		};
		A803DFD4297E9F8100357A7F /* Main */ = {
			isa = PBXGroup;
			children = (
				02593C4D298E95D100ADDA20 /* View */,
				02593C4E298E95D900ADDA20 /* ViewModel */,
				02AB51C2299F658B00BFD22D /* Coordinator */,
			);
			path = Main;
			sourceTree = "<group>";
		};
		A803DFD5297E9F8600357A7F /* Detail */ = {
			isa = PBXGroup;
			children = (
				0252F0A7299A44EF00CD0062 /* View */,
			);
			path = Detail;
			sourceTree = "<group>";
		};
		A8104F4529814AA5008A8DDE /* Files */ = {
			isa = PBXGroup;
			children = (
				A8104F4629814AB6008A8DDE /* arialbold.ttf */,
			);
			path = Files;
			sourceTree = "<group>";
		};
		A81742B6297E593800023B28 = {
			isa = PBXGroup;
			children = (
				A81742C1297E593800023B28 /* EasyCrypto */,
				A81742D2297E593D00023B28 /* EasyCryptoTests */,
				A81742DC297E593D00023B28 /* EasyCryptoUITests */,
				A81742C0297E593800023B28 /* Products */,
			);
			sourceTree = "<group>";
		};
		A81742C0297E593800023B28 /* Products */ = {
			isa = PBXGroup;
			children = (
				A81742BF297E593800023B28 /* EasyCrypto.app */,
				A81742CF297E593D00023B28 /* EasyCryptoTests.xctest */,
				A81742D9297E593D00023B28 /* EasyCryptoUITests.xctest */,
			);
			name = Products;
			sourceTree = "<group>";
		};
		A81742C1297E593800023B28 /* EasyCrypto */ = {
			isa = PBXGroup;
			children = (
				02593C59298EE12500ADDA20 /* App */,
				A8D4A10A299E0DFA00C11107 /* Base */,
				A803DFB7297E918900357A7F /* Theme */,
				A803DFCD297E93F600357A7F /* Support */,
				02B22A8629CC476800A04929 /* Persistance */,
				A803DFB9297E91AF00357A7F /* Components */,
				A803DFBA297E91BF00357A7F /* Core */,
				A803DFBB297E91C600357A7F /* Data */,
				A803DFBC297E91CF00357A7F /* Domain */,
				02BC669529B88E5C00785196 /* Resource */,
				A81742C8297E593D00023B28 /* Preview Content */,
			);
			path = EasyCrypto;
			sourceTree = "<group>";
		};
		A81742C8297E593D00023B28 /* Preview Content */ = {
			isa = PBXGroup;
			children = (
				A81742C9297E593D00023B28 /* Preview Assets.xcassets */,
			);
			path = "Preview Content";
			sourceTree = "<group>";
		};
		A81742D2297E593D00023B28 /* EasyCryptoTests */ = {
			isa = PBXGroup;
			children = (
				02BC669629B8CFF700785196 /* Cases */,
				02BC66A129B8E4CE00785196 /* Mock */,
				024515C829B9B5920013B54C /* Dummy */,
				A81742D3297E593D00023B28 /* EasyCryptoTests.swift */,
			);
			path = EasyCryptoTests;
			sourceTree = "<group>";
		};
		A81742DC297E593D00023B28 /* EasyCryptoUITests */ = {
			isa = PBXGroup;
			children = (
				A81742DD297E593D00023B28 /* EasyCryptoUITests.swift */,
				A81742DF297E593D00023B28 /* EasyCryptoUITestsLaunchTests.swift */,
			);
			path = EasyCryptoUITests;
			sourceTree = "<group>";
		};
		A82CB997298A867500699C22 /* Constants */ = {
			isa = PBXGroup;
			children = (
				A8104F4E29814FDE008A8DDE /* Constants.swift */,
			);
			path = Constants;
			sourceTree = "<group>";
		};
		A82CB998298A882F00699C22 /* Usecase */ = {
			isa = PBXGroup;
			children = (
				02593C4B298E90EF00ADDA20 /* MarketPriceUsecase.swift */,
				02D986172996AD5E0070A7E0 /* SearchMarketUsecase.swift */,
				0252F0B2299A4B4000CD0062 /* CoinMarketUsecase.swift */,
				A803DFBD297E91E000357A7F /* Presentation */,
			);
			path = Usecase;
			sourceTree = "<group>";
		};
		A82CB999298A883900699C22 /* Entity */ = {
			isa = PBXGroup;
			children = (
				02593C49298E8D1200ADDA20 /* MarketsPrice.swift */,
				02D986152996AAAE0070A7E0 /* SearchMarket.swift */,
				0252F0A4299A3AC400CD0062 /* CoinUnit.swift */,
			);
			path = Entity;
			sourceTree = "<group>";
		};
		A851A20829890AFC007F4CF9 /* Networking */ = {
			isa = PBXGroup;
			children = (
				A851A20929890B3E007F4CF9 /* Client */,
				A851A20E29890B65007F4CF9 /* ClientManager */,
				A851A21129890B92007F4CF9 /* Request */,
				A851A21629890BAC007F4CF9 /* RequestBuilder */,
				A851A21B29890BCC007F4CF9 /* Type */,
				A851A22229890BE8007F4CF9 /* Utility */,
			);
			path = Networking;
			sourceTree = "<group>";
		};
		A851A20929890B3E007F4CF9 /* Client */ = {
			isa = PBXGroup;
			children = (
				A851A20A29890B4C007F4CF9 /* NetworkClientProtocol.swift */,
				A851A20B29890B4D007F4CF9 /* NetworkClient.swift */,
			);
			path = Client;
			sourceTree = "<group>";
		};
		A851A20E29890B65007F4CF9 /* ClientManager */ = {
			isa = PBXGroup;
			children = (
				A851A20F29890B75007F4CF9 /* NetworkClientManager.swift */,
			);
			path = ClientManager;
			sourceTree = "<group>";
		};
		A851A21129890B92007F4CF9 /* Request */ = {
			isa = PBXGroup;
			children = (
				A851A21229890B9F007F4CF9 /* NetworkTarget.swift */,
				A851A21329890B9F007F4CF9 /* NetworkTarget + Default.swift */,
			);
			path = Request;
			sourceTree = "<group>";
		};
		A851A21629890BAC007F4CF9 /* RequestBuilder */ = {
			isa = PBXGroup;
			children = (
				A851A21729890BB8007F4CF9 /* RequestBuilder.swift */,
				A851A21829890BB8007F4CF9 /* NetworkTarget + Extension.swift */,
			);
			path = RequestBuilder;
			sourceTree = "<group>";
		};
		A851A21B29890BCC007F4CF9 /* Type */ = {
			isa = PBXGroup;
			children = (
				A851A21C29890BDB007F4CF9 /* HTTPMethod.swift */,
				A851A21E29890BDB007F4CF9 /* Encoding + Dictionary.swift */,
				A851A21D29890BDB007F4CF9 /* Encoding.swift */,
			);
			path = Type;
			sourceTree = "<group>";
		};
		A851A22229890BE8007F4CF9 /* Utility */ = {
			isa = PBXGroup;
			children = (
				A851A22629890C0A007F4CF9 /* APIError.swift */,
				A851A22729890C0B007F4CF9 /* BaseAPIDebuger.swift */,
				A851A22529890C0A007F4CF9 /* Configuration.swift */,
			);
			path = Utility;
			sourceTree = "<group>";
		};
		A851A22F29891214007F4CF9 /* Extension */ = {
			isa = PBXGroup;
			children = (
				0252F0B7299AB15B00CD0062 /* Binding+Utils.swift */,
				02D9860D29960ECF0070A7E0 /* View + Extension.swift */,
				0233493A29941C8800C1A20B /* String + Extension.swift */,
				A851A23229891243007F4CF9 /* URL + Extension.swift */,
				A851A23729891867007F4CF9 /* HTTPURLResponse + Extension.swift */,
				A82CB993298A7A5500699C22 /* Publisher + Extension.swift */,
				A82CB995298A7AB900699C22 /* URLRequest + Extension.swift */,
				022A25F229980CD7008368B1 /* Int + Extension.swift */,
				0250EA7129B2826600AA6040 /* UIScreen + Extension.swift */,
				02BC667629B8808D00785196 /* Optional + Extension.swift */,
				02BC667B29B8824000785196 /* Navigation + Exetnsion.swift */,
			);
			path = Extension;
			sourceTree = "<group>";
		};
		A851A2342989155F007F4CF9 /* MessageHelper */ = {
			isa = PBXGroup;
			children = (
				A851A2352989158F007F4CF9 /* MessageHelper.swift */,
			);
			path = MessageHelper;
			sourceTree = "<group>";
		};
		A8D4A10A299E0DFA00C11107 /* Base */ = {
			isa = PBXGroup;
			children = (
				02593C57298ED0C000ADDA20 /* BaseViewModel.swift */,
				A8D4A10B299E0E1200C11107 /* CoordinatorProtocol.swift */,
				A8D4A10C299E0E1200C11107 /* AppRouter.swift */,
			);
			path = Base;
			sourceTree = "<group>";
		};
		A8D4A10F299E105500C11107 /* Coordinatable */ = {
			isa = PBXGroup;
			children = (
				A8D4A110299E106700C11107 /* Coordinatable.swift */,
			);
			path = Coordinatable;
			sourceTree = "<group>";
		};
/* End PBXGroup section */

/* Begin PBXNativeTarget section */
		A81742BE297E593800023B28 /* EasyCrypto */ = {
			isa = PBXNativeTarget;
			buildConfigurationList = A81742E3297E593D00023B28 /* Build configuration list for PBXNativeTarget "EasyCrypto" */;
			buildPhases = (
				A81742BB297E593800023B28 /* Sources */,
				A81742BC297E593800023B28 /* Frameworks */,
				02593C44298E8BDF00ADDA20 /* Resources */,
			);
			buildRules = (
			);
			dependencies = (
			);
			name = EasyCrypto;
			productName = EasyCrypto;
			productReference = A81742BF297E593800023B28 /* EasyCrypto.app */;
			productType = "com.apple.product-type.application";
		};
		A81742CE297E593D00023B28 /* EasyCryptoTests */ = {
			isa = PBXNativeTarget;
			buildConfigurationList = A81742E6297E593D00023B28 /* Build configuration list for PBXNativeTarget "EasyCryptoTests" */;
			buildPhases = (
				A81742CB297E593D00023B28 /* Sources */,
				A81742CC297E593D00023B28 /* Frameworks */,
				A81742CD297E593D00023B28 /* Resources */,
			);
			buildRules = (
			);
			dependencies = (
				A81742D1297E593D00023B28 /* PBXTargetDependency */,
			);
			name = EasyCryptoTests;
			productName = EasyCryptoTests;
			productReference = A81742CF297E593D00023B28 /* EasyCryptoTests.xctest */;
			productType = "com.apple.product-type.bundle.unit-test";
		};
		A81742D8297E593D00023B28 /* EasyCryptoUITests */ = {
			isa = PBXNativeTarget;
			buildConfigurationList = A81742E9297E593D00023B28 /* Build configuration list for PBXNativeTarget "EasyCryptoUITests" */;
			buildPhases = (
				A81742D5297E593D00023B28 /* Sources */,
				A81742D6297E593D00023B28 /* Frameworks */,
				A81742D7297E593D00023B28 /* Resources */,
			);
			buildRules = (
			);
			dependencies = (
				A81742DB297E593D00023B28 /* PBXTargetDependency */,
			);
			name = EasyCryptoUITests;
			productName = EasyCryptoUITests;
			productReference = A81742D9297E593D00023B28 /* EasyCryptoUITests.xctest */;
			productType = "com.apple.product-type.bundle.ui-testing";
		};
/* End PBXNativeTarget section */

/* Begin PBXProject section */
		A81742B7297E593800023B28 /* Project object */ = {
			isa = PBXProject;
			attributes = {
				BuildIndependentTargetsInParallel = 1;
				LastSwiftUpdateCheck = 1410;
				LastUpgradeCheck = 1410;
				TargetAttributes = {
					A81742BE297E593800023B28 = {
						CreatedOnToolsVersion = 14.1;
					};
					A81742CE297E593D00023B28 = {
						CreatedOnToolsVersion = 14.1;
						TestTargetID = A81742BE297E593800023B28;
					};
					A81742D8297E593D00023B28 = {
						CreatedOnToolsVersion = 14.1;
						TestTargetID = A81742BE297E593800023B28;
					};
				};
			};
			buildConfigurationList = A81742BA297E593800023B28 /* Build configuration list for PBXProject "EasyCrypto" */;
			compatibilityVersion = "Xcode 14.0";
			developmentRegion = en;
			hasScannedForEncodings = 0;
			knownRegions = (
				en,
				Base,
			);
			mainGroup = A81742B6297E593800023B28;
			productRefGroup = A81742C0297E593800023B28 /* Products */;
			projectDirPath = "";
			projectRoot = "";
			targets = (
				A81742BE297E593800023B28 /* EasyCrypto */,
				A81742CE297E593D00023B28 /* EasyCryptoTests */,
				A81742D8297E593D00023B28 /* EasyCryptoUITests */,
			);
		};
/* End PBXProject section */

/* Begin PBXResourcesBuildPhase section */
		02593C44298E8BDF00ADDA20 /* Resources */ = {
			isa = PBXResourcesBuildPhase;
			buildActionMask = 2147483647;
			files = (
				02593C48298E8C0900ADDA20 /* arialbold.ttf in Resources */,
				02593C47298E8BF100ADDA20 /* Launch Screen.storyboard in Resources */,
				02593C46298E8BEC00ADDA20 /* Assets.xcassets in Resources */,
			);
			runOnlyForDeploymentPostprocessing = 0;
		};
		A81742CD297E593D00023B28 /* Resources */ = {
			isa = PBXResourcesBuildPhase;
			buildActionMask = 2147483647;
			files = (
			);
			runOnlyForDeploymentPostprocessing = 0;
		};
		A81742D7297E593D00023B28 /* Resources */ = {
			isa = PBXResourcesBuildPhase;
			buildActionMask = 2147483647;
			files = (
			);
			runOnlyForDeploymentPostprocessing = 0;
		};
/* End PBXResourcesBuildPhase section */

/* Begin PBXSourcesBuildPhase section */
		A81742BB297E593800023B28 /* Sources */ = {
			isa = PBXSourcesBuildPhase;
			buildActionMask = 2147483647;
			files = (
				A82CB994298A7A5500699C22 /* Publisher + Extension.swift in Sources */,
				A851A22129890BDC007F4CF9 /* Encoding + Dictionary.swift in Sources */,
				A8D4A10D299E0E1300C11107 /* CoordinatorProtocol.swift in Sources */,
				0233493B29941C8800C1A20B /* String + Extension.swift in Sources */,
				022A25F629981203008368B1 /* DecimalFormatter.swift in Sources */,
				0233492C2993804100C1A20B /* ImageCache.swift in Sources */,
				02D9860E29960ECF0070A7E0 /* View + Extension.swift in Sources */,
				A851A21F29890BDC007F4CF9 /* HTTPMethod.swift in Sources */,
				02D986162996AAAE0070A7E0 /* SearchMarket.swift in Sources */,
				0233492F2993804100C1A20B /* ImageDownloader.swift in Sources */,
				0252F0A2299A313800CD0062 /* CoinDetailView.swift in Sources */,
				A8104F4D29814E88008A8DDE /* Assets.swift in Sources */,
				0233493929941A8600C1A20B /* DetailView.swift in Sources */,
				A81742C3297E593800023B28 /* EasyCryptoApp.swift in Sources */,
				02B53F6C29CEF5AB0045BD34 /* CoreDataFetchPublisher.swift in Sources */,
				0252F0A5299A3AC400CD0062 /* CoinUnit.swift in Sources */,
				02593C50298E95E800ADDA20 /* MainViewModel.swift in Sources */,
				0233492D2993804100C1A20B /* ImageView.swift in Sources */,
				02593C58298ED0C000ADDA20 /* BaseViewModel.swift in Sources */,
				A803DFD7297E9F9800357A7F /* MainView.swift in Sources */,
				02B53F6829CEED370045BD34 /* MarketPriceCacheRepository.swift in Sources */,
				A851A22B29890C0B007F4CF9 /* Configuration.swift in Sources */,
				A8D4A10E299E0E1300C11107 /* AppRouter.swift in Sources */,
				02F1EEF629CDAE72003AD8A9 /* CoreDataPublisher.swift in Sources */,
				02BC668029B882F400785196 /* PlaceholderModifier.swift in Sources */,
				A8D4A109299E0A6F00C11107 /* CoinDetailCoordinator.swift in Sources */,
				02593C53298E992500ADDA20 /* MarketPriceRepository.swift in Sources */,
				A851A21029890B75007F4CF9 /* NetworkClientManager.swift in Sources */,
				02BC668529B8836900785196 /* SortView.swift in Sources */,
				A851A20C29890B4D007F4CF9 /* NetworkClientProtocol.swift in Sources */,
				02BC668E29B8853C00785196 /* SafariView.swift in Sources */,
				0252F0AA299A450B00CD0062 /* CoinDetailViewModel.swift in Sources */,
				02593C40298E63FC00ADDA20 /* FontNameManager.swift in Sources */,
				A803DFC9297E93B700357A7F /* FontManager.swift in Sources */,
				02BC668729B8838F00785196 /* CryotoCell.swift in Sources */,
				A851A21529890B9F007F4CF9 /* NetworkTarget + Default.swift in Sources */,
				02F1EEF429CDAE0E003AD8A9 /* CoreDataManager.swift in Sources */,
				02D986142996AA320070A7E0 /* SearchMarketRepository.swift in Sources */,
				A851A21429890B9F007F4CF9 /* NetworkTarget.swift in Sources */,
				A851A20D29890B4D007F4CF9 /* NetworkClient.swift in Sources */,
				A803DFD3297E943100357A7F /* Cancelable.swift in Sources */,
				02593C4C298E90EF00ADDA20 /* MarketPriceUsecase.swift in Sources */,
				022A25F1299809E2008368B1 /* CurrencyFormatter.swift in Sources */,
				A851A21A29890BB8007F4CF9 /* NetworkTarget + Extension.swift in Sources */,
				027A1B0829D0830C008B10D2 /* Log.swift in Sources */,
				A82CB996298A7AB900699C22 /* URLRequest + Extension.swift in Sources */,
				020EE2AA29D8199F0065F5EB /* CoreDataDeletePublisher.swift in Sources */,
				A851A22D29890C0B007F4CF9 /* BaseAPIDebuger.swift in Sources */,
				A851A2362989158F007F4CF9 /* MessageHelper.swift in Sources */,
				A851A22029890BDC007F4CF9 /* Encoding.swift in Sources */,
				02BC669029B88CF600785196 /* CoinDetailHeaderView.swift in Sources */,
				A851A22929890C0B007F4CF9 /* WorkScheduler.swift in Sources */,
				A8D4A111299E106700C11107 /* Coordinatable.swift in Sources */,
				0252F0AF299A466900CD0062 /* CoinDetailRemote.swift in Sources */,
				A851A23829891867007F4CF9 /* HTTPURLResponse + Extension.swift in Sources */,
				A803DFC4297E92D000357A7F /* Color.swift in Sources */,
				0252F0B3299A4B4000CD0062 /* CoinMarketUsecase.swift in Sources */,
				A8D4A115299E45D300C11107 /* AppDependencyContainer.swift in Sources */,
				02D986182996AD5E0070A7E0 /* SearchMarketUsecase.swift in Sources */,
				0250EA7229B2826600AA6040 /* UIScreen + Extension.swift in Sources */,
				02D986122996A8880070A7E0 /* SearchMarketDataRemote.swift in Sources */,
				02BC667729B8808D00785196 /* Optional + Extension.swift in Sources */,
				02593C4A298E8D1200ADDA20 /* MarketsPrice.swift in Sources */,
				022A25F329980CD7008368B1 /* Int + Extension.swift in Sources */,
				02593C55298ECDF300ADDA20 /* MarketPriceRemote.swift in Sources */,
				A8104F4F29814FDE008A8DDE /* Constants.swift in Sources */,
				A8D4A104299E06C700C11107 /* MainCoordinator.swift in Sources */,
				02BC668329B8834700785196 /* ActivityIndicator.swift in Sources */,
				02BC667C29B8824000785196 /* Navigation + Exetnsion.swift in Sources */,
				0250EA7029B27F4200AA6040 /* AppDependencyContainer + Injection.swift in Sources */,
				A851A23329891243007F4CF9 /* URL + Extension.swift in Sources */,
				0252F0BB299AB99900CD0062 /* SpinnerView.swift in Sources */,
				0252F0B8299AB15B00CD0062 /* Binding+Utils.swift in Sources */,
				A851A22C29890C0B007F4CF9 /* APIError.swift in Sources */,
				02BC667A29B8820200785196 /* NavigationBarModifier.swift in Sources */,
				0233493729939D9200C1A20B /* DataFlowProtocol.swift in Sources */,
				02B22A8929CC47DE00A04929 /* CoinsDB.xcdatamodeld in Sources */,
				02BC669229B88D8100785196 /* CoinDetailRank.swift in Sources */,
				0252F0B1299A48A400CD0062 /* CoinDetailRepository.swift in Sources */,
				A851A21929890BB8007F4CF9 /* RequestBuilder.swift in Sources */,
				028D127F29B50BD000F7874D /* AlertView.swift in Sources */,
				02B53F6A29CEF4A30045BD34 /* CoreDataSavePublisher.swift in Sources */,
				02BC668B29B8841200785196 /* CoinDetail.swift in Sources */,
				02BC668929B883F700785196 /* PriceView.swift in Sources */,
				02D9861B2996BCAC0070A7E0 /* Dropdown.swift in Sources */,
				02BC667E29B8826700785196 /* SearchBar.swift in Sources */,
				02334934299381C700C1A20B /* SpinnerViewIndicator.swift in Sources */,
			);
			runOnlyForDeploymentPostprocessing = 0;
		};
		A81742CB297E593D00023B28 /* Sources */ = {
			isa = PBXSourcesBuildPhase;
			buildActionMask = 2147483647;
			files = (
				024515E129BA169F0013B54C /* MockSearchMarketeRepository.swift in Sources */,
				A81742D4297E593D00023B28 /* EasyCryptoTests.swift in Sources */,
				024515D529B9C67E0013B54C /* MockMarketPriceUseCase.swift in Sources */,
				024515E529BA42880013B54C /* RequestBuilderTest.swift in Sources */,
				024515D829B9CCBB0013B54C /* MockMarketPriceRepository.swift in Sources */,
				02BC66A029B8E3C000785196 /* MainViewModelTest.swift in Sources */,
				024515DF29BA14580013B54C /* MockSearchMarketUsecase.swift in Sources */,
				024515CA29B9B5AB0013B54C /* DummyEndpoint.swift in Sources */,
				02BC669B29B8D8C200785196 /* SearchMarketTest.swift in Sources */,
				024515E329BA16FF0013B54C /* MockSearchMarketRemote.swift in Sources */,
				024515C729B9B4840013B54C /* MarketPriceRequestTest.swift in Sources */,
				024515E829BA47CE0013B54C /* MockNetworkTarget.swift in Sources */,
				02BC669D29B8D94500785196 /* CoinUnitTest.swift in Sources */,
				024515DA29B9CE3F0013B54C /* MockMarketPriceRemote.swift in Sources */,
				02BC669929B8D25300785196 /* MarketsPriceTest.swift in Sources */,
			);
			runOnlyForDeploymentPostprocessing = 0;
		};
		A81742D5297E593D00023B28 /* Sources */ = {
			isa = PBXSourcesBuildPhase;
			buildActionMask = 2147483647;
			files = (
				A81742DE297E593D00023B28 /* EasyCryptoUITests.swift in Sources */,
				A81742E0297E593D00023B28 /* EasyCryptoUITestsLaunchTests.swift in Sources */,
			);
			runOnlyForDeploymentPostprocessing = 0;
		};
/* End PBXSourcesBuildPhase section */

/* Begin PBXTargetDependency section */
		A81742D1297E593D00023B28 /* PBXTargetDependency */ = {
			isa = PBXTargetDependency;
			target = A81742BE297E593800023B28 /* EasyCrypto */;
			targetProxy = A81742D0297E593D00023B28 /* PBXContainerItemProxy */;
		};
		A81742DB297E593D00023B28 /* PBXTargetDependency */ = {
			isa = PBXTargetDependency;
			target = A81742BE297E593800023B28 /* EasyCrypto */;
			targetProxy = A81742DA297E593D00023B28 /* PBXContainerItemProxy */;
		};
/* End PBXTargetDependency section */

/* Begin XCBuildConfiguration section */
		A81742E1297E593D00023B28 /* Debug */ = {
			isa = XCBuildConfiguration;
			buildSettings = {
				ALWAYS_SEARCH_USER_PATHS = NO;
				CLANG_ANALYZER_NONNULL = YES;
				CLANG_ANALYZER_NUMBER_OBJECT_CONVERSION = YES_AGGRESSIVE;
				CLANG_CXX_LANGUAGE_STANDARD = "gnu++20";
				CLANG_ENABLE_MODULES = YES;
				CLANG_ENABLE_OBJC_ARC = YES;
				CLANG_ENABLE_OBJC_WEAK = YES;
				CLANG_WARN_BLOCK_CAPTURE_AUTORELEASING = YES;
				CLANG_WARN_BOOL_CONVERSION = YES;
				CLANG_WARN_COMMA = YES;
				CLANG_WARN_CONSTANT_CONVERSION = YES;
				CLANG_WARN_DEPRECATED_OBJC_IMPLEMENTATIONS = YES;
				CLANG_WARN_DIRECT_OBJC_ISA_USAGE = YES_ERROR;
				CLANG_WARN_DOCUMENTATION_COMMENTS = YES;
				CLANG_WARN_EMPTY_BODY = YES;
				CLANG_WARN_ENUM_CONVERSION = YES;
				CLANG_WARN_INFINITE_RECURSION = YES;
				CLANG_WARN_INT_CONVERSION = YES;
				CLANG_WARN_NON_LITERAL_NULL_CONVERSION = YES;
				CLANG_WARN_OBJC_IMPLICIT_RETAIN_SELF = YES;
				CLANG_WARN_OBJC_LITERAL_CONVERSION = YES;
				CLANG_WARN_OBJC_ROOT_CLASS = YES_ERROR;
				CLANG_WARN_QUOTED_INCLUDE_IN_FRAMEWORK_HEADER = YES;
				CLANG_WARN_RANGE_LOOP_ANALYSIS = YES;
				CLANG_WARN_STRICT_PROTOTYPES = YES;
				CLANG_WARN_SUSPICIOUS_MOVE = YES;
				CLANG_WARN_UNGUARDED_AVAILABILITY = YES_AGGRESSIVE;
				CLANG_WARN_UNREACHABLE_CODE = YES;
				CLANG_WARN__DUPLICATE_METHOD_MATCH = YES;
				COPY_PHASE_STRIP = NO;
				DEBUG_INFORMATION_FORMAT = dwarf;
				ENABLE_STRICT_OBJC_MSGSEND = YES;
				ENABLE_TESTABILITY = YES;
				GCC_C_LANGUAGE_STANDARD = gnu11;
				GCC_DYNAMIC_NO_PIC = NO;
				GCC_NO_COMMON_BLOCKS = YES;
				GCC_OPTIMIZATION_LEVEL = 0;
				GCC_PREPROCESSOR_DEFINITIONS = (
					"DEBUG=1",
					"$(inherited)",
				);
				GCC_WARN_64_TO_32_BIT_CONVERSION = YES;
				GCC_WARN_ABOUT_RETURN_TYPE = YES_ERROR;
				GCC_WARN_UNDECLARED_SELECTOR = YES;
				GCC_WARN_UNINITIALIZED_AUTOS = YES_AGGRESSIVE;
				GCC_WARN_UNUSED_FUNCTION = YES;
				GCC_WARN_UNUSED_VARIABLE = YES;
				IPHONEOS_DEPLOYMENT_TARGET = 16.0;
				MTL_ENABLE_DEBUG_INFO = INCLUDE_SOURCE;
				MTL_FAST_MATH = YES;
				ONLY_ACTIVE_ARCH = YES;
				SDKROOT = iphoneos;
				SWIFT_ACTIVE_COMPILATION_CONDITIONS = DEBUG;
				SWIFT_OPTIMIZATION_LEVEL = "-Onone";
			};
			name = Debug;
		};
		A81742E2297E593D00023B28 /* Release */ = {
			isa = XCBuildConfiguration;
			buildSettings = {
				ALWAYS_SEARCH_USER_PATHS = NO;
				CLANG_ANALYZER_NONNULL = YES;
				CLANG_ANALYZER_NUMBER_OBJECT_CONVERSION = YES_AGGRESSIVE;
				CLANG_CXX_LANGUAGE_STANDARD = "gnu++20";
				CLANG_ENABLE_MODULES = YES;
				CLANG_ENABLE_OBJC_ARC = YES;
				CLANG_ENABLE_OBJC_WEAK = YES;
				CLANG_WARN_BLOCK_CAPTURE_AUTORELEASING = YES;
				CLANG_WARN_BOOL_CONVERSION = YES;
				CLANG_WARN_COMMA = YES;
				CLANG_WARN_CONSTANT_CONVERSION = YES;
				CLANG_WARN_DEPRECATED_OBJC_IMPLEMENTATIONS = YES;
				CLANG_WARN_DIRECT_OBJC_ISA_USAGE = YES_ERROR;
				CLANG_WARN_DOCUMENTATION_COMMENTS = YES;
				CLANG_WARN_EMPTY_BODY = YES;
				CLANG_WARN_ENUM_CONVERSION = YES;
				CLANG_WARN_INFINITE_RECURSION = YES;
				CLANG_WARN_INT_CONVERSION = YES;
				CLANG_WARN_NON_LITERAL_NULL_CONVERSION = YES;
				CLANG_WARN_OBJC_IMPLICIT_RETAIN_SELF = YES;
				CLANG_WARN_OBJC_LITERAL_CONVERSION = YES;
				CLANG_WARN_OBJC_ROOT_CLASS = YES_ERROR;
				CLANG_WARN_QUOTED_INCLUDE_IN_FRAMEWORK_HEADER = YES;
				CLANG_WARN_RANGE_LOOP_ANALYSIS = YES;
				CLANG_WARN_STRICT_PROTOTYPES = YES;
				CLANG_WARN_SUSPICIOUS_MOVE = YES;
				CLANG_WARN_UNGUARDED_AVAILABILITY = YES_AGGRESSIVE;
				CLANG_WARN_UNREACHABLE_CODE = YES;
				CLANG_WARN__DUPLICATE_METHOD_MATCH = YES;
				COPY_PHASE_STRIP = NO;
				DEBUG_INFORMATION_FORMAT = "dwarf-with-dsym";
				ENABLE_NS_ASSERTIONS = NO;
				ENABLE_STRICT_OBJC_MSGSEND = YES;
				GCC_C_LANGUAGE_STANDARD = gnu11;
				GCC_NO_COMMON_BLOCKS = YES;
				GCC_WARN_64_TO_32_BIT_CONVERSION = YES;
				GCC_WARN_ABOUT_RETURN_TYPE = YES_ERROR;
				GCC_WARN_UNDECLARED_SELECTOR = YES;
				GCC_WARN_UNINITIALIZED_AUTOS = YES_AGGRESSIVE;
				GCC_WARN_UNUSED_FUNCTION = YES;
				GCC_WARN_UNUSED_VARIABLE = YES;
				IPHONEOS_DEPLOYMENT_TARGET = 16.0;
				MTL_ENABLE_DEBUG_INFO = NO;
				MTL_FAST_MATH = YES;
				SDKROOT = iphoneos;
				SWIFT_COMPILATION_MODE = wholemodule;
				SWIFT_OPTIMIZATION_LEVEL = "-O";
				VALIDATE_PRODUCT = YES;
			};
			name = Release;
		};
		A81742E4297E593D00023B28 /* Debug */ = {
			isa = XCBuildConfiguration;
			buildSettings = {
				ASSETCATALOG_COMPILER_APPICON_NAME = AppIcon;
				ASSETCATALOG_COMPILER_GLOBAL_ACCENT_COLOR_NAME = AccentColor;
				CODE_SIGN_STYLE = Automatic;
				CURRENT_PROJECT_VERSION = 1;
				DEVELOPMENT_ASSET_PATHS = "\"EasyCrypto/Preview Content\"";
				DEVELOPMENT_TEAM = 3KZWVBAJSN;
				ENABLE_PREVIEWS = YES;
				GENERATE_INFOPLIST_FILE = YES;
				INFOPLIST_FILE = EasyCrypto/Info.plist;
				INFOPLIST_KEY_UIApplicationSceneManifest_Generation = YES;
				INFOPLIST_KEY_UIApplicationSupportsIndirectInputEvents = YES;
				INFOPLIST_KEY_UILaunchScreen_Generation = YES;
				INFOPLIST_KEY_UILaunchStoryboardName = "Launch Screen.storyboard";
				INFOPLIST_KEY_UIStatusBarStyle = UIStatusBarStyleLightContent;
				INFOPLIST_KEY_UISupportedInterfaceOrientations_iPad = "UIInterfaceOrientationPortrait UIInterfaceOrientationPortraitUpsideDown UIInterfaceOrientationLandscapeLeft UIInterfaceOrientationLandscapeRight";
				INFOPLIST_KEY_UISupportedInterfaceOrientations_iPhone = "UIInterfaceOrientationPortrait UIInterfaceOrientationLandscapeLeft UIInterfaceOrientationLandscapeRight";
				IPHONEOS_DEPLOYMENT_TARGET = 16.0;
				LD_RUNPATH_SEARCH_PATHS = (
					"$(inherited)",
					"@executable_path/Frameworks",
				);
				MARKETING_VERSION = 1.0;
				PRODUCT_BUNDLE_IDENTIFIER = ir.gravityapp.EasyCrypto;
				PRODUCT_NAME = "$(TARGET_NAME)";
				SUPPORTED_PLATFORMS = "iphoneos iphonesimulator";
				SUPPORTS_MACCATALYST = NO;
				SUPPORTS_MAC_DESIGNED_FOR_IPHONE_IPAD = NO;
				SWIFT_EMIT_LOC_STRINGS = YES;
				SWIFT_VERSION = 5.0;
				TARGETED_DEVICE_FAMILY = "1,2";
			};
			name = Debug;
		};
		A81742E5297E593D00023B28 /* Release */ = {
			isa = XCBuildConfiguration;
			buildSettings = {
				ASSETCATALOG_COMPILER_APPICON_NAME = AppIcon;
				ASSETCATALOG_COMPILER_GLOBAL_ACCENT_COLOR_NAME = AccentColor;
				CODE_SIGN_STYLE = Automatic;
				CURRENT_PROJECT_VERSION = 1;
				DEVELOPMENT_ASSET_PATHS = "\"EasyCrypto/Preview Content\"";
				DEVELOPMENT_TEAM = 3KZWVBAJSN;
				ENABLE_PREVIEWS = YES;
				GENERATE_INFOPLIST_FILE = YES;
				INFOPLIST_FILE = EasyCrypto/Info.plist;
				INFOPLIST_KEY_UIApplicationSceneManifest_Generation = YES;
				INFOPLIST_KEY_UIApplicationSupportsIndirectInputEvents = YES;
				INFOPLIST_KEY_UILaunchScreen_Generation = YES;
				INFOPLIST_KEY_UILaunchStoryboardName = "Launch Screen.storyboard";
				INFOPLIST_KEY_UIStatusBarStyle = UIStatusBarStyleLightContent;
				INFOPLIST_KEY_UISupportedInterfaceOrientations_iPad = "UIInterfaceOrientationPortrait UIInterfaceOrientationPortraitUpsideDown UIInterfaceOrientationLandscapeLeft UIInterfaceOrientationLandscapeRight";
				INFOPLIST_KEY_UISupportedInterfaceOrientations_iPhone = "UIInterfaceOrientationPortrait UIInterfaceOrientationLandscapeLeft UIInterfaceOrientationLandscapeRight";
				IPHONEOS_DEPLOYMENT_TARGET = 16.0;
				LD_RUNPATH_SEARCH_PATHS = (
					"$(inherited)",
					"@executable_path/Frameworks",
				);
				MARKETING_VERSION = 1.0;
				PRODUCT_BUNDLE_IDENTIFIER = ir.gravityapp.EasyCrypto;
				PRODUCT_NAME = "$(TARGET_NAME)";
				SUPPORTED_PLATFORMS = "iphoneos iphonesimulator";
				SUPPORTS_MACCATALYST = NO;
				SUPPORTS_MAC_DESIGNED_FOR_IPHONE_IPAD = NO;
				SWIFT_EMIT_LOC_STRINGS = YES;
				SWIFT_VERSION = 5.0;
				TARGETED_DEVICE_FAMILY = "1,2";
			};
			name = Release;
		};
		A81742E7297E593D00023B28 /* Debug */ = {
			isa = XCBuildConfiguration;
			buildSettings = {
				ALWAYS_EMBED_SWIFT_STANDARD_LIBRARIES = YES;
				BUNDLE_LOADER = "$(TEST_HOST)";
				CODE_SIGN_STYLE = Automatic;
				CURRENT_PROJECT_VERSION = 1;
				DEVELOPMENT_TEAM = 3KZWVBAJSN;
				GENERATE_INFOPLIST_FILE = YES;
				IPHONEOS_DEPLOYMENT_TARGET = 16.0;
				MARKETING_VERSION = 1.0;
				PRODUCT_BUNDLE_IDENTIFIER = ir.gravityapp.EasyCryptoTests;
				PRODUCT_NAME = "$(TARGET_NAME)";
				SUPPORTED_PLATFORMS = "iphoneos iphonesimulator";
				SUPPORTS_MACCATALYST = NO;
				SUPPORTS_MAC_DESIGNED_FOR_IPHONE_IPAD = NO;
				SWIFT_EMIT_LOC_STRINGS = NO;
				SWIFT_VERSION = 5.0;
				TARGETED_DEVICE_FAMILY = "1,2";
				TEST_HOST = "$(BUILT_PRODUCTS_DIR)/EasyCrypto.app/$(BUNDLE_EXECUTABLE_FOLDER_PATH)/EasyCrypto";
			};
			name = Debug;
		};
		A81742E8297E593D00023B28 /* Release */ = {
			isa = XCBuildConfiguration;
			buildSettings = {
				ALWAYS_EMBED_SWIFT_STANDARD_LIBRARIES = YES;
				BUNDLE_LOADER = "$(TEST_HOST)";
				CODE_SIGN_STYLE = Automatic;
				CURRENT_PROJECT_VERSION = 1;
				DEVELOPMENT_TEAM = 3KZWVBAJSN;
				GENERATE_INFOPLIST_FILE = YES;
				IPHONEOS_DEPLOYMENT_TARGET = 16.0;
				MARKETING_VERSION = 1.0;
				PRODUCT_BUNDLE_IDENTIFIER = ir.gravityapp.EasyCryptoTests;
				PRODUCT_NAME = "$(TARGET_NAME)";
				SUPPORTED_PLATFORMS = "iphoneos iphonesimulator";
				SUPPORTS_MACCATALYST = NO;
				SUPPORTS_MAC_DESIGNED_FOR_IPHONE_IPAD = NO;
				SWIFT_EMIT_LOC_STRINGS = NO;
				SWIFT_VERSION = 5.0;
				TARGETED_DEVICE_FAMILY = "1,2";
				TEST_HOST = "$(BUILT_PRODUCTS_DIR)/EasyCrypto.app/$(BUNDLE_EXECUTABLE_FOLDER_PATH)/EasyCrypto";
			};
			name = Release;
		};
		A81742EA297E593D00023B28 /* Debug */ = {
			isa = XCBuildConfiguration;
			buildSettings = {
				ALWAYS_EMBED_SWIFT_STANDARD_LIBRARIES = YES;
				CODE_SIGN_STYLE = Automatic;
				CURRENT_PROJECT_VERSION = 1;
				DEVELOPMENT_TEAM = 3KZWVBAJSN;
				GENERATE_INFOPLIST_FILE = YES;
				MARKETING_VERSION = 1.0;
				PRODUCT_BUNDLE_IDENTIFIER = ir.gravityapp.EasyCryptoUITests;
				PRODUCT_NAME = "$(TARGET_NAME)";
				SUPPORTED_PLATFORMS = "iphoneos iphonesimulator";
				SUPPORTS_MACCATALYST = NO;
				SUPPORTS_MAC_DESIGNED_FOR_IPHONE_IPAD = NO;
				SWIFT_EMIT_LOC_STRINGS = NO;
				SWIFT_VERSION = 5.0;
				TARGETED_DEVICE_FAMILY = "1,2";
				TEST_TARGET_NAME = EasyCrypto;
			};
			name = Debug;
		};
		A81742EB297E593D00023B28 /* Release */ = {
			isa = XCBuildConfiguration;
			buildSettings = {
				ALWAYS_EMBED_SWIFT_STANDARD_LIBRARIES = YES;
				CODE_SIGN_STYLE = Automatic;
				CURRENT_PROJECT_VERSION = 1;
				DEVELOPMENT_TEAM = 3KZWVBAJSN;
				GENERATE_INFOPLIST_FILE = YES;
				MARKETING_VERSION = 1.0;
				PRODUCT_BUNDLE_IDENTIFIER = ir.gravityapp.EasyCryptoUITests;
				PRODUCT_NAME = "$(TARGET_NAME)";
				SUPPORTED_PLATFORMS = "iphoneos iphonesimulator";
				SUPPORTS_MACCATALYST = NO;
				SUPPORTS_MAC_DESIGNED_FOR_IPHONE_IPAD = NO;
				SWIFT_EMIT_LOC_STRINGS = NO;
				SWIFT_VERSION = 5.0;
				TARGETED_DEVICE_FAMILY = "1,2";
				TEST_TARGET_NAME = EasyCrypto;
			};
			name = Release;
		};
/* End XCBuildConfiguration section */

/* Begin XCConfigurationList section */
		A81742BA297E593800023B28 /* Build configuration list for PBXProject "EasyCrypto" */ = {
			isa = XCConfigurationList;
			buildConfigurations = (
				A81742E1297E593D00023B28 /* Debug */,
				A81742E2297E593D00023B28 /* Release */,
			);
			defaultConfigurationIsVisible = 0;
			defaultConfigurationName = Release;
		};
		A81742E3297E593D00023B28 /* Build configuration list for PBXNativeTarget "EasyCrypto" */ = {
			isa = XCConfigurationList;
			buildConfigurations = (
				A81742E4297E593D00023B28 /* Debug */,
				A81742E5297E593D00023B28 /* Release */,
			);
			defaultConfigurationIsVisible = 0;
			defaultConfigurationName = Release;
		};
		A81742E6297E593D00023B28 /* Build configuration list for PBXNativeTarget "EasyCryptoTests" */ = {
			isa = XCConfigurationList;
			buildConfigurations = (
				A81742E7297E593D00023B28 /* Debug */,
				A81742E8297E593D00023B28 /* Release */,
			);
			defaultConfigurationIsVisible = 0;
			defaultConfigurationName = Release;
		};
		A81742E9297E593D00023B28 /* Build configuration list for PBXNativeTarget "EasyCryptoUITests" */ = {
			isa = XCConfigurationList;
			buildConfigurations = (
				A81742EA297E593D00023B28 /* Debug */,
				A81742EB297E593D00023B28 /* Release */,
			);
			defaultConfigurationIsVisible = 0;
			defaultConfigurationName = Release;
		};
/* End XCConfigurationList section */

/* Begin XCVersionGroup section */
		02B22A8729CC47DE00A04929 /* CoinsDB.xcdatamodeld */ = {
			isa = XCVersionGroup;
			children = (
				02B22A8829CC47DE00A04929 /* Coins.xcdatamodel */,
			);
			currentVersion = 02B22A8829CC47DE00A04929 /* Coins.xcdatamodel */;
			path = CoinsDB.xcdatamodeld;
			sourceTree = "<group>";
			versionGroupType = wrapper.xcdatamodel;
		};
/* End XCVersionGroup section */
	};
	rootObject = A81742B7297E593800023B28 /* Project object */;
}
